// !$*UTF8*$!
{
	archiveVersion = 1;
	classes = {
	};
	objectVersion = 55;
	objects = {

/* Begin PBXBuildFile section */
		049714872924F3B200BF494D /* AppDelegate.swift in Sources */ = {isa = PBXBuildFile; fileRef = 049714862924F3B200BF494D /* AppDelegate.swift */; };
		049714892924F3B200BF494D /* SceneDelegate.swift in Sources */ = {isa = PBXBuildFile; fileRef = 049714882924F3B200BF494D /* SceneDelegate.swift */; };
		0497148B2924F3B200BF494D /* ViewController.swift in Sources */ = {isa = PBXBuildFile; fileRef = 0497148A2924F3B200BF494D /* ViewController.swift */; };
		0497148E2924F3B200BF494D /* Main.storyboard in Resources */ = {isa = PBXBuildFile; fileRef = 0497148C2924F3B200BF494D /* Main.storyboard */; };
		049714902924F3B300BF494D /* Assets.xcassets in Resources */ = {isa = PBXBuildFile; fileRef = 0497148F2924F3B300BF494D /* Assets.xcassets */; };
		049714932924F3B300BF494D /* LaunchScreen.storyboard in Resources */ = {isa = PBXBuildFile; fileRef = 049714912924F3B300BF494D /* LaunchScreen.storyboard */; };
		049714B72924F46600BF494D /* StoryboardBasedViewController.swift in Sources */ = {isa = PBXBuildFile; fileRef = 049714B62924F46600BF494D /* StoryboardBasedViewController.swift */; };
		049714B92924F58700BF494D /* StoryboardBasedViewControllerTests.swift in Sources */ = {isa = PBXBuildFile; fileRef = 049714B82924F58700BF494D /* StoryboardBasedViewControllerTests.swift */; };
		049714BC2924F8C200BF494D /* XIBBasedViewController.swift in Sources */ = {isa = PBXBuildFile; fileRef = 049714BA2924F8C200BF494D /* XIBBasedViewController.swift */; };
		049714BD2924F8C200BF494D /* XIBBasedViewController.xib in Resources */ = {isa = PBXBuildFile; fileRef = 049714BB2924F8C200BF494D /* XIBBasedViewController.xib */; };
		049714BF2924FA0600BF494D /* CodeBasedViewController.swift in Sources */ = {isa = PBXBuildFile; fileRef = 049714BE2924FA0600BF494D /* CodeBasedViewController.swift */; };
/* End PBXBuildFile section */

/* Begin PBXContainerItemProxy section */
		0497149A2924F3B400BF494D /* PBXContainerItemProxy */ = {
			isa = PBXContainerItemProxy;
			containerPortal = 0497147B2924F3B200BF494D /* Project object */;
			proxyType = 1;
			remoteGlobalIDString = 049714822924F3B200BF494D;
			remoteInfo = LoadViewControllers;
		};
/* End PBXContainerItemProxy section */

/* Begin PBXFileReference section */
		049714832924F3B200BF494D /* LoadViewControllers.app */ = {isa = PBXFileReference; explicitFileType = wrapper.application; includeInIndex = 0; path = LoadViewControllers.app; sourceTree = BUILT_PRODUCTS_DIR; };
		049714862924F3B200BF494D /* AppDelegate.swift */ = {isa = PBXFileReference; lastKnownFileType = sourcecode.swift; path = AppDelegate.swift; sourceTree = "<group>"; };
		049714882924F3B200BF494D /* SceneDelegate.swift */ = {isa = PBXFileReference; lastKnownFileType = sourcecode.swift; path = SceneDelegate.swift; sourceTree = "<group>"; };
		0497148A2924F3B200BF494D /* ViewController.swift */ = {isa = PBXFileReference; lastKnownFileType = sourcecode.swift; path = ViewController.swift; sourceTree = "<group>"; };
		0497148D2924F3B200BF494D /* Base */ = {isa = PBXFileReference; lastKnownFileType = file.storyboard; name = Base; path = Base.lproj/Main.storyboard; sourceTree = "<group>"; };
		0497148F2924F3B300BF494D /* Assets.xcassets */ = {isa = PBXFileReference; lastKnownFileType = folder.assetcatalog; path = Assets.xcassets; sourceTree = "<group>"; };
		049714922924F3B300BF494D /* Base */ = {isa = PBXFileReference; lastKnownFileType = file.storyboard; name = Base; path = Base.lproj/LaunchScreen.storyboard; sourceTree = "<group>"; };
		049714942924F3B300BF494D /* Info.plist */ = {isa = PBXFileReference; lastKnownFileType = text.plist.xml; path = Info.plist; sourceTree = "<group>"; };
		049714992924F3B400BF494D /* LoadViewControllersTests.xctest */ = {isa = PBXFileReference; explicitFileType = wrapper.cfbundle; includeInIndex = 0; path = LoadViewControllersTests.xctest; sourceTree = BUILT_PRODUCTS_DIR; };
		049714B62924F46600BF494D /* StoryboardBasedViewController.swift */ = {isa = PBXFileReference; lastKnownFileType = sourcecode.swift; path = StoryboardBasedViewController.swift; sourceTree = "<group>"; };
		049714B82924F58700BF494D /* StoryboardBasedViewControllerTests.swift */ = {isa = PBXFileReference; lastKnownFileType = sourcecode.swift; path = StoryboardBasedViewControllerTests.swift; sourceTree = "<group>"; };
		049714BA2924F8C200BF494D /* XIBBasedViewController.swift */ = {isa = PBXFileReference; lastKnownFileType = sourcecode.swift; path = XIBBasedViewController.swift; sourceTree = "<group>"; };
		049714BB2924F8C200BF494D /* XIBBasedViewController.xib */ = {isa = PBXFileReference; lastKnownFileType = file.xib; path = XIBBasedViewController.xib; sourceTree = "<group>"; };
		049714BE2924FA0600BF494D /* CodeBasedViewController.swift */ = {isa = PBXFileReference; lastKnownFileType = sourcecode.swift; path = CodeBasedViewController.swift; sourceTree = "<group>"; };
/* End PBXFileReference section */

/* Begin PBXFrameworksBuildPhase section */
		049714802924F3B200BF494D /* Frameworks */ = {
			isa = PBXFrameworksBuildPhase;
			buildActionMask = 2147483647;
			files = (
			);
			runOnlyForDeploymentPostprocessing = 0;
		};
		049714962924F3B400BF494D /* Frameworks */ = {
			isa = PBXFrameworksBuildPhase;
			buildActionMask = 2147483647;
			files = (
			);
			runOnlyForDeploymentPostprocessing = 0;
		};
/* End PBXFrameworksBuildPhase section */

/* Begin PBXGroup section */
		0497147A2924F3B200BF494D = {
			isa = PBXGroup;
			children = (
				049714852924F3B200BF494D /* LoadViewControllers */,
				0497149C2924F3B400BF494D /* LoadViewControllersTests */,
				049714A62924F3B400BF494D /* LoadViewControllersUITests */,
				049714842924F3B200BF494D /* Products */,
			);
			sourceTree = "<group>";
		};
		049714842924F3B200BF494D /* Products */ = {
			isa = PBXGroup;
			children = (
				049714832924F3B200BF494D /* LoadViewControllers.app */,
				049714992924F3B400BF494D /* LoadViewControllersTests.xctest */,
			);
			name = Products;
			sourceTree = "<group>";
		};
		049714852924F3B200BF494D /* LoadViewControllers */ = {
			isa = PBXGroup;
			children = (
				049714B62924F46600BF494D /* StoryboardBasedViewController.swift */,
				049714862924F3B200BF494D /* AppDelegate.swift */,
				049714882924F3B200BF494D /* SceneDelegate.swift */,
				0497148A2924F3B200BF494D /* ViewController.swift */,
				0497148C2924F3B200BF494D /* Main.storyboard */,
				0497148F2924F3B300BF494D /* Assets.xcassets */,
				049714912924F3B300BF494D /* LaunchScreen.storyboard */,
				049714942924F3B300BF494D /* Info.plist */,
				049714BA2924F8C200BF494D /* XIBBasedViewController.swift */,
				049714BB2924F8C200BF494D /* XIBBasedViewController.xib */,
				049714BE2924FA0600BF494D /* CodeBasedViewController.swift */,
			);
			path = LoadViewControllers;
			sourceTree = "<group>";
		};
		0497149C2924F3B400BF494D /* LoadViewControllersTests */ = {
			isa = PBXGroup;
			children = (
				049714B82924F58700BF494D /* StoryboardBasedViewControllerTests.swift */,
			);
			path = LoadViewControllersTests;
			sourceTree = "<group>";
		};
		049714A62924F3B400BF494D /* LoadViewControllersUITests */ = {
			isa = PBXGroup;
			children = (
			);
			path = LoadViewControllersUITests;
			sourceTree = "<group>";
		};
/* End PBXGroup section */

/* Begin PBXNativeTarget section */
		049714822924F3B200BF494D /* LoadViewControllers */ = {
			isa = PBXNativeTarget;
			buildConfigurationList = 049714AD2924F3B400BF494D /* Build configuration list for PBXNativeTarget "LoadViewControllers" */;
			buildPhases = (
				0497147F2924F3B200BF494D /* Sources */,
				049714802924F3B200BF494D /* Frameworks */,
				049714812924F3B200BF494D /* Resources */,
			);
			buildRules = (
			);
			dependencies = (
			);
			name = LoadViewControllers;
			productName = LoadViewControllers;
			productReference = 049714832924F3B200BF494D /* LoadViewControllers.app */;
			productType = "com.apple.product-type.application";
		};
		049714982924F3B400BF494D /* LoadViewControllersTests */ = {
			isa = PBXNativeTarget;
			buildConfigurationList = 049714B02924F3B400BF494D /* Build configuration list for PBXNativeTarget "LoadViewControllersTests" */;
			buildPhases = (
				049714952924F3B400BF494D /* Sources */,
				049714962924F3B400BF494D /* Frameworks */,
				049714972924F3B400BF494D /* Resources */,
			);
			buildRules = (
			);
			dependencies = (
				0497149B2924F3B400BF494D /* PBXTargetDependency */,
			);
			name = LoadViewControllersTests;
			productName = LoadViewControllersTests;
			productReference = 049714992924F3B400BF494D /* LoadViewControllersTests.xctest */;
			productType = "com.apple.product-type.bundle.unit-test";
		};
/* End PBXNativeTarget section */

/* Begin PBXProject section */
		0497147B2924F3B200BF494D /* Project object */ = {
			isa = PBXProject;
			attributes = {
				BuildIndependentTargetsInParallel = 1;
				LastSwiftUpdateCheck = 1320;
				LastUpgradeCheck = 1320;
				TargetAttributes = {
					049714822924F3B200BF494D = {
						CreatedOnToolsVersion = 13.2.1;
					};
					049714982924F3B400BF494D = {
						CreatedOnToolsVersion = 13.2.1;
						LastSwiftMigration = 1320;
						TestTargetID = 049714822924F3B200BF494D;
					};
				};
			};
			buildConfigurationList = 0497147E2924F3B200BF494D /* Build configuration list for PBXProject "LoadViewControllers" */;
			compatibilityVersion = "Xcode 13.0";
			developmentRegion = en;
			hasScannedForEncodings = 0;
			knownRegions = (
				en,
				Base,
			);
			mainGroup = 0497147A2924F3B200BF494D;
			productRefGroup = 049714842924F3B200BF494D /* Products */;
			projectDirPath = "";
			projectRoot = "";
			targets = (
				049714822924F3B200BF494D /* LoadViewControllers */,
				049714982924F3B400BF494D /* LoadViewControllersTests */,
			);
		};
/* End PBXProject section */

/* Begin PBXResourcesBuildPhase section */
		049714812924F3B200BF494D /* Resources */ = {
			isa = PBXResourcesBuildPhase;
			buildActionMask = 2147483647;
			files = (
				049714BD2924F8C200BF494D /* XIBBasedViewController.xib in Resources */,
				049714932924F3B300BF494D /* LaunchScreen.storyboard in Resources */,
				049714902924F3B300BF494D /* Assets.xcassets in Resources */,
				0497148E2924F3B200BF494D /* Main.storyboard in Resources */,
			);
			runOnlyForDeploymentPostprocessing = 0;
		};
		049714972924F3B400BF494D /* Resources */ = {
			isa = PBXResourcesBuildPhase;
			buildActionMask = 2147483647;
			files = (
			);
			runOnlyForDeploymentPostprocessing = 0;
		};
/* End PBXResourcesBuildPhase section */

/* Begin PBXSourcesBuildPhase section */
		0497147F2924F3B200BF494D /* Sources */ = {
			isa = PBXSourcesBuildPhase;
			buildActionMask = 2147483647;
			files = (
				0497148B2924F3B200BF494D /* ViewController.swift in Sources */,
				049714BF2924FA0600BF494D /* CodeBasedViewController.swift in Sources */,
				049714BC2924F8C200BF494D /* XIBBasedViewController.swift in Sources */,
				049714B72924F46600BF494D /* StoryboardBasedViewController.swift in Sources */,
				049714872924F3B200BF494D /* AppDelegate.swift in Sources */,
				049714892924F3B200BF494D /* SceneDelegate.swift in Sources */,
			);
			runOnlyForDeploymentPostprocessing = 0;
		};
		049714952924F3B400BF494D /* Sources */ = {
			isa = PBXSourcesBuildPhase;
			buildActionMask = 2147483647;
			files = (
				049714B92924F58700BF494D /* StoryboardBasedViewControllerTests.swift in Sources */,
			);
			runOnlyForDeploymentPostprocessing = 0;
		};
/* End PBXSourcesBuildPhase section */

/* Begin PBXTargetDependency section */
		0497149B2924F3B400BF494D /* PBXTargetDependency */ = {
			isa = PBXTargetDependency;
			target = 049714822924F3B200BF494D /* LoadViewControllers */;
			targetProxy = 0497149A2924F3B400BF494D /* PBXContainerItemProxy */;
		};
/* End PBXTargetDependency section */

/* Begin PBXVariantGroup section */
		0497148C2924F3B200BF494D /* Main.storyboard */ = {
			isa = PBXVariantGroup;
			children = (
				0497148D2924F3B200BF494D /* Base */,
			);
			name = Main.storyboard;
			sourceTree = "<group>";
		};
		049714912924F3B300BF494D /* LaunchScreen.storyboard */ = {
			isa = PBXVariantGroup;
			children = (
				049714922924F3B300BF494D /* Base */,
			);
			name = LaunchScreen.storyboard;
			sourceTree = "<group>";
		};
/* End PBXVariantGroup section */

/* Begin XCBuildConfiguration section */
		049714AB2924F3B400BF494D /* Debug */ = {
			isa = XCBuildConfiguration;
			buildSettings = {
				ALWAYS_SEARCH_USER_PATHS = NO;
				CLANG_ANALYZER_NONNULL = YES;
				CLANG_ANALYZER_NUMBER_OBJECT_CONVERSION = YES_AGGRESSIVE;
				CLANG_CXX_LANGUAGE_STANDARD = "gnu++17";
				CLANG_CXX_LIBRARY = "libc++";
				CLANG_ENABLE_MODULES = YES;
				CLANG_ENABLE_OBJC_ARC = YES;
				CLANG_ENABLE_OBJC_WEAK = YES;
				CLANG_WARN_BLOCK_CAPTURE_AUTORELEASING = YES;
				CLANG_WARN_BOOL_CONVERSION = YES;
				CLANG_WARN_COMMA = YES;
				CLANG_WARN_CONSTANT_CONVERSION = YES;
				CLANG_WARN_DEPRECATED_OBJC_IMPLEMENTATIONS = YES;
				CLANG_WARN_DIRECT_OBJC_ISA_USAGE = YES_ERROR;
				CLANG_WARN_DOCUMENTATION_COMMENTS = YES;
				CLANG_WARN_EMPTY_BODY = YES;
				CLANG_WARN_ENUM_CONVERSION = YES;
				CLANG_WARN_INFINITE_RECURSION = YES;
				CLANG_WARN_INT_CONVERSION = YES;
				CLANG_WARN_NON_LITERAL_NULL_CONVERSION = YES;
				CLANG_WARN_OBJC_IMPLICIT_RETAIN_SELF = YES;
				CLANG_WARN_OBJC_LITERAL_CONVERSION = YES;
				CLANG_WARN_OBJC_ROOT_CLASS = YES_ERROR;
				CLANG_WARN_QUOTED_INCLUDE_IN_FRAMEWORK_HEADER = YES;
				CLANG_WARN_RANGE_LOOP_ANALYSIS = YES;
				CLANG_WARN_STRICT_PROTOTYPES = YES;
				CLANG_WARN_SUSPICIOUS_MOVE = YES;
				CLANG_WARN_UNGUARDED_AVAILABILITY = YES_AGGRESSIVE;
				CLANG_WARN_UNREACHABLE_CODE = YES;
				CLANG_WARN__DUPLICATE_METHOD_MATCH = YES;
				COPY_PHASE_STRIP = NO;
				DEBUG_INFORMATION_FORMAT = dwarf;
				ENABLE_STRICT_OBJC_MSGSEND = YES;
				ENABLE_TESTABILITY = YES;
				GCC_C_LANGUAGE_STANDARD = gnu11;
				GCC_DYNAMIC_NO_PIC = NO;
				GCC_NO_COMMON_BLOCKS = YES;
				GCC_OPTIMIZATION_LEVEL = 0;
				GCC_PREPROCESSOR_DEFINITIONS = (
					"DEBUG=1",
					"$(inherited)",
				);
				GCC_WARN_64_TO_32_BIT_CONVERSION = YES;
				GCC_WARN_ABOUT_RETURN_TYPE = YES_ERROR;
				GCC_WARN_UNDECLARED_SELECTOR = YES;
				GCC_WARN_UNINITIALIZED_AUTOS = YES_AGGRESSIVE;
				GCC_WARN_UNUSED_FUNCTION = YES;
				GCC_WARN_UNUSED_VARIABLE = YES;
				IPHONEOS_DEPLOYMENT_TARGET = 15.2;
				MTL_ENABLE_DEBUG_INFO = INCLUDE_SOURCE;
				MTL_FAST_MATH = YES;
				ONLY_ACTIVE_ARCH = YES;
				SDKROOT = iphoneos;
				SWIFT_ACTIVE_COMPILATION_CONDITIONS = DEBUG;
				SWIFT_OPTIMIZATION_LEVEL = "-Onone";
			};
			name = Debug;
		};
		049714AC2924F3B400BF494D /* Release */ = {
			isa = XCBuildConfiguration;
			buildSettings = {
				ALWAYS_SEARCH_USER_PATHS = NO;
				CLANG_ANALYZER_NONNULL = YES;
				CLANG_ANALYZER_NUMBER_OBJECT_CONVERSION = YES_AGGRESSIVE;
				CLANG_CXX_LANGUAGE_STANDARD = "gnu++17";
				CLANG_CXX_LIBRARY = "libc++";
				CLANG_ENABLE_MODULES = YES;
				CLANG_ENABLE_OBJC_ARC = YES;
				CLANG_ENABLE_OBJC_WEAK = YES;
				CLANG_WARN_BLOCK_CAPTURE_AUTORELEASING = YES;
				CLANG_WARN_BOOL_CONVERSION = YES;
				CLANG_WARN_COMMA = YES;
				CLANG_WARN_CONSTANT_CONVERSION = YES;
				CLANG_WARN_DEPRECATED_OBJC_IMPLEMENTATIONS = YES;
				CLANG_WARN_DIRECT_OBJC_ISA_USAGE = YES_ERROR;
				CLANG_WARN_DOCUMENTATION_COMMENTS = YES;
				CLANG_WARN_EMPTY_BODY = YES;
				CLANG_WARN_ENUM_CONVERSION = YES;
				CLANG_WARN_INFINITE_RECURSION = YES;
				CLANG_WARN_INT_CONVERSION = YES;
				CLANG_WARN_NON_LITERAL_NULL_CONVERSION = YES;
				CLANG_WARN_OBJC_IMPLICIT_RETAIN_SELF = YES;
				CLANG_WARN_OBJC_LITERAL_CONVERSION = YES;
				CLANG_WARN_OBJC_ROOT_CLASS = YES_ERROR;
				CLANG_WARN_QUOTED_INCLUDE_IN_FRAMEWORK_HEADER = YES;
				CLANG_WARN_RANGE_LOOP_ANALYSIS = YES;
				CLANG_WARN_STRICT_PROTOTYPES = YES;
				CLANG_WARN_SUSPICIOUS_MOVE = YES;
				CLANG_WARN_UNGUARDED_AVAILABILITY = YES_AGGRESSIVE;
				CLANG_WARN_UNREACHABLE_CODE = YES;
				CLANG_WARN__DUPLICATE_METHOD_MATCH = YES;
				COPY_PHASE_STRIP = NO;
				DEBUG_INFORMATION_FORMAT = "dwarf-with-dsym";
				ENABLE_NS_ASSERTIONS = NO;
				ENABLE_STRICT_OBJC_MSGSEND = YES;
				GCC_C_LANGUAGE_STANDARD = gnu11;
				GCC_NO_COMMON_BLOCKS = YES;
				GCC_WARN_64_TO_32_BIT_CONVERSION = YES;
				GCC_WARN_ABOUT_RETURN_TYPE = YES_ERROR;
				GCC_WARN_UNDECLARED_SELECTOR = YES;
				GCC_WARN_UNINITIALIZED_AUTOS = YES_AGGRESSIVE;
				GCC_WARN_UNUSED_FUNCTION = YES;
				GCC_WARN_UNUSED_VARIABLE = YES;
				IPHONEOS_DEPLOYMENT_TARGET = 15.2;
				MTL_ENABLE_DEBUG_INFO = NO;
				MTL_FAST_MATH = YES;
				SDKROOT = iphoneos;
				SWIFT_COMPILATION_MODE = wholemodule;
				SWIFT_OPTIMIZATION_LEVEL = "-O";
				VALIDATE_PRODUCT = YES;
			};
			name = Release;
		};
		049714AE2924F3B400BF494D /* Debug */ = {
			isa = XCBuildConfiguration;
			buildSettings = {
				ASSETCATALOG_COMPILER_APPICON_NAME = AppIcon;
				ASSETCATALOG_COMPILER_GLOBAL_ACCENT_COLOR_NAME = AccentColor;
				CODE_SIGN_STYLE = Automatic;
				CURRENT_PROJECT_VERSION = 1;
				DEVELOPMENT_TEAM = LB5YMG5W6W;
				GENERATE_INFOPLIST_FILE = YES;
				INFOPLIST_FILE = LoadViewControllers/Info.plist;
				INFOPLIST_KEY_UIApplicationSupportsIndirectInputEvents = YES;
				INFOPLIST_KEY_UILaunchStoryboardName = LaunchScreen;
				INFOPLIST_KEY_UIMainStoryboardFile = Main;
				INFOPLIST_KEY_UISupportedInterfaceOrientations_iPad = "UIInterfaceOrientationPortrait UIInterfaceOrientationPortraitUpsideDown UIInterfaceOrientationLandscapeLeft UIInterfaceOrientationLandscapeRight";
				INFOPLIST_KEY_UISupportedInterfaceOrientations_iPhone = "UIInterfaceOrientationPortrait UIInterfaceOrientationLandscapeLeft UIInterfaceOrientationLandscapeRight";
				LD_RUNPATH_SEARCH_PATHS = (
					"$(inherited)",
					"@executable_path/Frameworks",
				);
				MARKETING_VERSION = 1.0;
				PRODUCT_BUNDLE_IDENTIFIER = com.woxi.app.LoadViewControllers;
				PRODUCT_NAME = "$(TARGET_NAME)";
				SWIFT_EMIT_LOC_STRINGS = YES;
				SWIFT_VERSION = 5.0;
				TARGETED_DEVICE_FAMILY = "1,2";
			};
			name = Debug;
		};
		049714AF2924F3B400BF494D /* Release */ = {
			isa = XCBuildConfiguration;
			buildSettings = {
				ASSETCATALOG_COMPILER_APPICON_NAME = AppIcon;
				ASSETCATALOG_COMPILER_GLOBAL_ACCENT_COLOR_NAME = AccentColor;
				CODE_SIGN_STYLE = Automatic;
				CURRENT_PROJECT_VERSION = 1;
				DEVELOPMENT_TEAM = LB5YMG5W6W;
				GENERATE_INFOPLIST_FILE = YES;
				INFOPLIST_FILE = LoadViewControllers/Info.plist;
				INFOPLIST_KEY_UIApplicationSupportsIndirectInputEvents = YES;
				INFOPLIST_KEY_UILaunchStoryboardName = LaunchScreen;
				INFOPLIST_KEY_UIMainStoryboardFile = Main;
				INFOPLIST_KEY_UISupportedInterfaceOrientations_iPad = "UIInterfaceOrientationPortrait UIInterfaceOrientationPortraitUpsideDown UIInterfaceOrientationLandscapeLeft UIInterfaceOrientationLandscapeRight";
				INFOPLIST_KEY_UISupportedInterfaceOrientations_iPhone = "UIInterfaceOrientationPortrait UIInterfaceOrientationLandscapeLeft UIInterfaceOrientationLandscapeRight";
				LD_RUNPATH_SEARCH_PATHS = (
					"$(inherited)",
					"@executable_path/Frameworks",
				);
				MARKETING_VERSION = 1.0;
				PRODUCT_BUNDLE_IDENTIFIER = com.woxi.app.LoadViewControllers;
				PRODUCT_NAME = "$(TARGET_NAME)";
				SWIFT_EMIT_LOC_STRINGS = YES;
				SWIFT_VERSION = 5.0;
				TARGETED_DEVICE_FAMILY = "1,2";
			};
			name = Release;
		};
		049714B12924F3B400BF494D /* Debug */ = {
			isa = XCBuildConfiguration;
			buildSettings = {
				ALWAYS_EMBED_SWIFT_STANDARD_LIBRARIES = YES;
				BUNDLE_LOADER = "$(TEST_HOST)";
				CLANG_ENABLE_MODULES = YES;
				CODE_SIGN_STYLE = Automatic;
				CURRENT_PROJECT_VERSION = 1;
				DEVELOPMENT_TEAM = LB5YMG5W6W;
				GENERATE_INFOPLIST_FILE = YES;
				IPHONEOS_DEPLOYMENT_TARGET = 15.2;
				LD_RUNPATH_SEARCH_PATHS = (
					"$(inherited)",
					"@executable_path/Frameworks",
					"@loader_path/Frameworks",
				);
				MARKETING_VERSION = 1.0;
				PRODUCT_BUNDLE_IDENTIFIER = com.woxi.app.LoadViewControllersTests;
				PRODUCT_NAME = "$(TARGET_NAME)";
				SWIFT_EMIT_LOC_STRINGS = NO;
				SWIFT_OPTIMIZATION_LEVEL = "-Onone";
				SWIFT_VERSION = 5.0;
				TARGETED_DEVICE_FAMILY = "1,2";
				TEST_HOST = "$(BUILT_PRODUCTS_DIR)/LoadViewControllers.app/LoadViewControllers";
			};
			name = Debug;
		};
		049714B22924F3B400BF494D /* Release */ = {
			isa = XCBuildConfiguration;
			buildSettings = {
				ALWAYS_EMBED_SWIFT_STANDARD_LIBRARIES = YES;
				BUNDLE_LOADER = "$(TEST_HOST)";
				CLANG_ENABLE_MODULES = YES;
				CODE_SIGN_STYLE = Automatic;
				CURRENT_PROJECT_VERSION = 1;
				DEVELOPMENT_TEAM = LB5YMG5W6W;
				GENERATE_INFOPLIST_FILE = YES;
				IPHONEOS_DEPLOYMENT_TARGET = 15.2;
				LD_RUNPATH_SEARCH_PATHS = (
					"$(inherited)",
					"@executable_path/Frameworks",
					"@loader_path/Frameworks",
				);
				MARKETING_VERSION = 1.0;
				PRODUCT_BUNDLE_IDENTIFIER = com.woxi.app.LoadViewControllersTests;
				PRODUCT_NAME = "$(TARGET_NAME)";
				SWIFT_EMIT_LOC_STRINGS = NO;
				SWIFT_VERSION = 5.0;
				TARGETED_DEVICE_FAMILY = "1,2";
				TEST_HOST = "$(BUILT_PRODUCTS_DIR)/LoadViewControllers.app/LoadViewControllers";
			};
			name = Release;
		};
/* End XCBuildConfiguration section */

/* Begin XCConfigurationList section */
		0497147E2924F3B200BF494D /* Build configuration list for PBXProject "LoadViewControllers" */ = {
			isa = XCConfigurationList;
			buildConfigurations = (
				049714AB2924F3B400BF494D /* Debug */,
				049714AC2924F3B400BF494D /* Release */,
			);
			defaultConfigurationIsVisible = 0;
			defaultConfigurationName = Release;
		};
		049714AD2924F3B400BF494D /* Build configuration list for PBXNativeTarget "LoadViewControllers" */ = {
			isa = XCConfigurationList;
			buildConfigurations = (
				049714AE2924F3B400BF494D /* Debug */,
				049714AF2924F3B400BF494D /* Release */,
			);
			defaultConfigurationIsVisible = 0;
			defaultConfigurationName = Release;
		};
		049714B02924F3B400BF494D /* Build configuration list for PBXNativeTarget "LoadViewControllersTests" */ = {
			isa = XCConfigurationList;
			buildConfigurations = (
				049714B12924F3B400BF494D /* Debug */,
				049714B22924F3B400BF494D /* Release */,
			);
			defaultConfigurationIsVisible = 0;
			defaultConfigurationName = Release;
		};
/* End XCConfigurationList section */
	};
	rootObject = 0497147B2924F3B200BF494D /* Project object */;
}
