// !$*UTF8*$!
{
	archiveVersion = 1;
	classes = {
	};
	objectVersion = 55;
	objects = {

/* Begin PBXBuildFile section */
		0433E19C294B0D000056EEA5 /* ChangePasswordLabels.swift in Sources */ = {isa = PBXBuildFile; fileRef = 0433E19B294B0D000056EEA5 /* ChangePasswordLabels.swift */; };
		043E9542294C75AF00882777 /* ChangePasswordViewCommands.swift in Sources */ = {isa = PBXBuildFile; fileRef = 043E9541294C75AF00882777 /* ChangePasswordViewCommands.swift */; };
		043E9544294C75E700882777 /* ChangePasswordPresenter.swift in Sources */ = {isa = PBXBuildFile; fileRef = 043E9543294C75E700882777 /* ChangePasswordPresenter.swift */; };
		04A14EB7295522090046ECF3 /* PasswordInputs.swift in Sources */ = {isa = PBXBuildFile; fileRef = 04A14EB6295522090046ECF3 /* PasswordInputs.swift */; };
		04C471B62941230700C940F6 /* TestHelpers.swift in Sources */ = {isa = PBXBuildFile; fileRef = 04C471B52941230700C940F6 /* TestHelpers.swift */; };
		04C471B82941244300C940F6 /* MockPasswordChanger.swift in Sources */ = {isa = PBXBuildFile; fileRef = 04C471B72941244300C940F6 /* MockPasswordChanger.swift */; };
		04C471BA2941270600C940F6 /* ChangePasswordViewControllerTests.swift in Sources */ = {isa = PBXBuildFile; fileRef = 04C471B92941270600C940F6 /* ChangePasswordViewControllerTests.swift */; };
		04CE33F2293FF60200DA979F /* AppDelegate.swift in Sources */ = {isa = PBXBuildFile; fileRef = 04CE33F1293FF60200DA979F /* AppDelegate.swift */; };
		04CE33F4293FF60200DA979F /* SceneDelegate.swift in Sources */ = {isa = PBXBuildFile; fileRef = 04CE33F3293FF60200DA979F /* SceneDelegate.swift */; };
		04CE33F6293FF60200DA979F /* ViewController.swift in Sources */ = {isa = PBXBuildFile; fileRef = 04CE33F5293FF60200DA979F /* ViewController.swift */; };
		04CE33F9293FF60200DA979F /* Main.storyboard in Resources */ = {isa = PBXBuildFile; fileRef = 04CE33F7293FF60200DA979F /* Main.storyboard */; };
		04CE33FB293FF60500DA979F /* Assets.xcassets in Resources */ = {isa = PBXBuildFile; fileRef = 04CE33FA293FF60500DA979F /* Assets.xcassets */; };
		04CE33FE293FF60500DA979F /* LaunchScreen.storyboard in Resources */ = {isa = PBXBuildFile; fileRef = 04CE33FC293FF60500DA979F /* LaunchScreen.storyboard */; };
		04CE3413293FF60600DA979F /* RefactoringUITests.swift in Sources */ = {isa = PBXBuildFile; fileRef = 04CE3412293FF60600DA979F /* RefactoringUITests.swift */; };
		04CE3415293FF60600DA979F /* RefactoringUITestsLaunchTests.swift in Sources */ = {isa = PBXBuildFile; fileRef = 04CE3414293FF60600DA979F /* RefactoringUITestsLaunchTests.swift */; };
		04CE3422293FF96000DA979F /* PasswordChanger.swift in Sources */ = {isa = PBXBuildFile; fileRef = 04CE3421293FF96000DA979F /* PasswordChanger.swift */; };
		04CE3424293FFCA600DA979F /* ChangePasswordViewController.swift in Sources */ = {isa = PBXBuildFile; fileRef = 04CE3423293FFCA600DA979F /* ChangePasswordViewController.swift */; };
		04ECC3C92942786D00594ED0 /* ViewControllerPresentationSpy.xcframework in Frameworks */ = {isa = PBXBuildFile; fileRef = 04ECC3C82942786D00594ED0 /* ViewControllerPresentationSpy.xcframework */; };
		04ECC3CC2942789D00594ED0 /* ViewControllerPresentationSpy.xcframework in CopyFiles */ = {isa = PBXBuildFile; fileRef = 04ECC3C82942786D00594ED0 /* ViewControllerPresentationSpy.xcframework */; };
/* End PBXBuildFile section */

/* Begin PBXContainerItemProxy section */
		04CE3405293FF60600DA979F /* PBXContainerItemProxy */ = {
			isa = PBXContainerItemProxy;
			containerPortal = 04CE33E6293FF60200DA979F /* Project object */;
			proxyType = 1;
			remoteGlobalIDString = 04CE33ED293FF60200DA979F;
			remoteInfo = Refactoring;
		};
		04CE340F293FF60600DA979F /* PBXContainerItemProxy */ = {
			isa = PBXContainerItemProxy;
			containerPortal = 04CE33E6293FF60200DA979F /* Project object */;
			proxyType = 1;
			remoteGlobalIDString = 04CE33ED293FF60200DA979F;
			remoteInfo = Refactoring;
		};
/* End PBXContainerItemProxy section */

/* Begin PBXCopyFilesBuildPhase section */
		04ECC3CB2942789500594ED0 /* CopyFiles */ = {
			isa = PBXCopyFilesBuildPhase;
			buildActionMask = 2147483647;
			dstPath = "";
			dstSubfolderSpec = 16;
			files = (
				04ECC3CC2942789D00594ED0 /* ViewControllerPresentationSpy.xcframework in CopyFiles */,
			);
			runOnlyForDeploymentPostprocessing = 0;
		};
/* End PBXCopyFilesBuildPhase section */

/* Begin PBXFileReference section */
		0433E19B294B0D000056EEA5 /* ChangePasswordLabels.swift */ = {isa = PBXFileReference; lastKnownFileType = sourcecode.swift; path = ChangePasswordLabels.swift; sourceTree = "<group>"; };
		043E9541294C75AF00882777 /* ChangePasswordViewCommands.swift */ = {isa = PBXFileReference; lastKnownFileType = sourcecode.swift; path = ChangePasswordViewCommands.swift; sourceTree = "<group>"; };
		043E9543294C75E700882777 /* ChangePasswordPresenter.swift */ = {isa = PBXFileReference; lastKnownFileType = sourcecode.swift; path = ChangePasswordPresenter.swift; sourceTree = "<group>"; };
		04A14EB6295522090046ECF3 /* PasswordInputs.swift */ = {isa = PBXFileReference; lastKnownFileType = sourcecode.swift; path = PasswordInputs.swift; sourceTree = "<group>"; };
		04C471B52941230700C940F6 /* TestHelpers.swift */ = {isa = PBXFileReference; lastKnownFileType = sourcecode.swift; path = TestHelpers.swift; sourceTree = "<group>"; };
		04C471B72941244300C940F6 /* MockPasswordChanger.swift */ = {isa = PBXFileReference; lastKnownFileType = sourcecode.swift; path = MockPasswordChanger.swift; sourceTree = "<group>"; };
		04C471B92941270600C940F6 /* ChangePasswordViewControllerTests.swift */ = {isa = PBXFileReference; lastKnownFileType = sourcecode.swift; path = ChangePasswordViewControllerTests.swift; sourceTree = "<group>"; };
		04CE33EE293FF60200DA979F /* Refactoring.app */ = {isa = PBXFileReference; explicitFileType = wrapper.application; includeInIndex = 0; path = Refactoring.app; sourceTree = BUILT_PRODUCTS_DIR; };
		04CE33F1293FF60200DA979F /* AppDelegate.swift */ = {isa = PBXFileReference; lastKnownFileType = sourcecode.swift; path = AppDelegate.swift; sourceTree = "<group>"; };
		04CE33F3293FF60200DA979F /* SceneDelegate.swift */ = {isa = PBXFileReference; lastKnownFileType = sourcecode.swift; path = SceneDelegate.swift; sourceTree = "<group>"; };
		04CE33F5293FF60200DA979F /* ViewController.swift */ = {isa = PBXFileReference; lastKnownFileType = sourcecode.swift; path = ViewController.swift; sourceTree = "<group>"; };
		04CE33F8293FF60200DA979F /* Base */ = {isa = PBXFileReference; lastKnownFileType = file.storyboard; name = Base; path = Base.lproj/Main.storyboard; sourceTree = "<group>"; };
		04CE33FA293FF60500DA979F /* Assets.xcassets */ = {isa = PBXFileReference; lastKnownFileType = folder.assetcatalog; path = Assets.xcassets; sourceTree = "<group>"; };
		04CE33FD293FF60500DA979F /* Base */ = {isa = PBXFileReference; lastKnownFileType = file.storyboard; name = Base; path = Base.lproj/LaunchScreen.storyboard; sourceTree = "<group>"; };
		04CE33FF293FF60500DA979F /* Info.plist */ = {isa = PBXFileReference; lastKnownFileType = text.plist.xml; path = Info.plist; sourceTree = "<group>"; };
		04CE3404293FF60600DA979F /* RefactoringTests.xctest */ = {isa = PBXFileReference; explicitFileType = wrapper.cfbundle; includeInIndex = 0; path = RefactoringTests.xctest; sourceTree = BUILT_PRODUCTS_DIR; };
		04CE340E293FF60600DA979F /* RefactoringUITests.xctest */ = {isa = PBXFileReference; explicitFileType = wrapper.cfbundle; includeInIndex = 0; path = RefactoringUITests.xctest; sourceTree = BUILT_PRODUCTS_DIR; };
		04CE3412293FF60600DA979F /* RefactoringUITests.swift */ = {isa = PBXFileReference; lastKnownFileType = sourcecode.swift; path = RefactoringUITests.swift; sourceTree = "<group>"; };
		04CE3414293FF60600DA979F /* RefactoringUITestsLaunchTests.swift */ = {isa = PBXFileReference; lastKnownFileType = sourcecode.swift; path = RefactoringUITestsLaunchTests.swift; sourceTree = "<group>"; };
		04CE3421293FF96000DA979F /* PasswordChanger.swift */ = {isa = PBXFileReference; lastKnownFileType = sourcecode.swift; path = PasswordChanger.swift; sourceTree = "<group>"; };
		04CE3423293FFCA600DA979F /* ChangePasswordViewController.swift */ = {isa = PBXFileReference; lastKnownFileType = sourcecode.swift; path = ChangePasswordViewController.swift; sourceTree = "<group>"; };
		04ECC3C82942786D00594ED0 /* ViewControllerPresentationSpy.xcframework */ = {isa = PBXFileReference; lastKnownFileType = wrapper.xcframework; path = ViewControllerPresentationSpy.xcframework; sourceTree = "<group>"; };
/* End PBXFileReference section */

/* Begin PBXFrameworksBuildPhase section */
		04CE33EB293FF60200DA979F /* Frameworks */ = {
			isa = PBXFrameworksBuildPhase;
			buildActionMask = 2147483647;
			files = (
			);
			runOnlyForDeploymentPostprocessing = 0;
		};
		04CE3401293FF60600DA979F /* Frameworks */ = {
			isa = PBXFrameworksBuildPhase;
			buildActionMask = 2147483647;
			files = (
				04ECC3C92942786D00594ED0 /* ViewControllerPresentationSpy.xcframework in Frameworks */,
			);
			runOnlyForDeploymentPostprocessing = 0;
		};
		04CE340B293FF60600DA979F /* Frameworks */ = {
			isa = PBXFrameworksBuildPhase;
			buildActionMask = 2147483647;
			files = (
			);
			runOnlyForDeploymentPostprocessing = 0;
		};
/* End PBXFrameworksBuildPhase section */

/* Begin PBXGroup section */
		0433E19A294B0CA70056EEA5 /* MVVM */ = {
			isa = PBXGroup;
			children = (
				0433E19B294B0D000056EEA5 /* ChangePasswordLabels.swift */,
			);
			path = MVVM;
			sourceTree = "<group>";
		};
		043E9540294C757A00882777 /* MVP */ = {
			isa = PBXGroup;
			children = (
				043E9541294C75AF00882777 /* ChangePasswordViewCommands.swift */,
				043E9543294C75E700882777 /* ChangePasswordPresenter.swift */,
			);
			path = MVP;
			sourceTree = "<group>";
		};
		04CE33E5293FF60200DA979F = {
			isa = PBXGroup;
			children = (
				043E9540294C757A00882777 /* MVP */,
				0433E19A294B0CA70056EEA5 /* MVVM */,
				04CE33F0293FF60200DA979F /* Refactoring */,
				04CE3407293FF60600DA979F /* RefactoringTests */,
				04CE3411293FF60600DA979F /* RefactoringUITests */,
				04CE33EF293FF60200DA979F /* Products */,
			);
			sourceTree = "<group>";
		};
		04CE33EF293FF60200DA979F /* Products */ = {
			isa = PBXGroup;
			children = (
				04CE33EE293FF60200DA979F /* Refactoring.app */,
				04CE3404293FF60600DA979F /* RefactoringTests.xctest */,
				04CE340E293FF60600DA979F /* RefactoringUITests.xctest */,
			);
			name = Products;
			sourceTree = "<group>";
		};
		04CE33F0293FF60200DA979F /* Refactoring */ = {
			isa = PBXGroup;
			children = (
				04CE33F1293FF60200DA979F /* AppDelegate.swift */,
				04CE33F3293FF60200DA979F /* SceneDelegate.swift */,
				04CE33F5293FF60200DA979F /* ViewController.swift */,
				04CE33F7293FF60200DA979F /* Main.storyboard */,
				04CE33FA293FF60500DA979F /* Assets.xcassets */,
				04CE33FC293FF60500DA979F /* LaunchScreen.storyboard */,
				04CE33FF293FF60500DA979F /* Info.plist */,
				04CE3421293FF96000DA979F /* PasswordChanger.swift */,
				04CE3423293FFCA600DA979F /* ChangePasswordViewController.swift */,
				04A14EB6295522090046ECF3 /* PasswordInputs.swift */,
			);
			path = Refactoring;
			sourceTree = "<group>";
		};
		04CE3407293FF60600DA979F /* RefactoringTests */ = {
			isa = PBXGroup;
			children = (
				04ECC3C82942786D00594ED0 /* ViewControllerPresentationSpy.xcframework */,
				04C471B52941230700C940F6 /* TestHelpers.swift */,
				04C471B72941244300C940F6 /* MockPasswordChanger.swift */,
				04C471B92941270600C940F6 /* ChangePasswordViewControllerTests.swift */,
			);
			path = RefactoringTests;
			sourceTree = "<group>";
		};
		04CE3411293FF60600DA979F /* RefactoringUITests */ = {
			isa = PBXGroup;
			children = (
				04CE3412293FF60600DA979F /* RefactoringUITests.swift */,
				04CE3414293FF60600DA979F /* RefactoringUITestsLaunchTests.swift */,
			);
			path = RefactoringUITests;
			sourceTree = "<group>";
		};
/* End PBXGroup section */

/* Begin PBXNativeTarget section */
		04CE33ED293FF60200DA979F /* Refactoring */ = {
			isa = PBXNativeTarget;
			buildConfigurationList = 04CE3418293FF60600DA979F /* Build configuration list for PBXNativeTarget "Refactoring" */;
			buildPhases = (
				04CE33EA293FF60200DA979F /* Sources */,
				04CE33EB293FF60200DA979F /* Frameworks */,
				04CE33EC293FF60200DA979F /* Resources */,
			);
			buildRules = (
			);
			dependencies = (
			);
			name = Refactoring;
			productName = Refactoring;
			productReference = 04CE33EE293FF60200DA979F /* Refactoring.app */;
			productType = "com.apple.product-type.application";
		};
		04CE3403293FF60600DA979F /* RefactoringTests */ = {
			isa = PBXNativeTarget;
			buildConfigurationList = 04CE341B293FF60600DA979F /* Build configuration list for PBXNativeTarget "RefactoringTests" */;
			buildPhases = (
				04CE3400293FF60600DA979F /* Sources */,
				04CE3401293FF60600DA979F /* Frameworks */,
				04CE3402293FF60600DA979F /* Resources */,
				04ECC3CB2942789500594ED0 /* CopyFiles */,
			);
			buildRules = (
			);
			dependencies = (
				04CE3406293FF60600DA979F /* PBXTargetDependency */,
			);
			name = RefactoringTests;
			productName = RefactoringTests;
			productReference = 04CE3404293FF60600DA979F /* RefactoringTests.xctest */;
			productType = "com.apple.product-type.bundle.unit-test";
		};
		04CE340D293FF60600DA979F /* RefactoringUITests */ = {
			isa = PBXNativeTarget;
			buildConfigurationList = 04CE341E293FF60600DA979F /* Build configuration list for PBXNativeTarget "RefactoringUITests" */;
			buildPhases = (
				04CE340A293FF60600DA979F /* Sources */,
				04CE340B293FF60600DA979F /* Frameworks */,
				04CE340C293FF60600DA979F /* Resources */,
			);
			buildRules = (
			);
			dependencies = (
				04CE3410293FF60600DA979F /* PBXTargetDependency */,
			);
			name = RefactoringUITests;
			productName = RefactoringUITests;
			productReference = 04CE340E293FF60600DA979F /* RefactoringUITests.xctest */;
			productType = "com.apple.product-type.bundle.ui-testing";
		};
/* End PBXNativeTarget section */

/* Begin PBXProject section */
		04CE33E6293FF60200DA979F /* Project object */ = {
			isa = PBXProject;
			attributes = {
				BuildIndependentTargetsInParallel = 1;
				LastSwiftUpdateCheck = 1320;
				LastUpgradeCheck = 1320;
				TargetAttributes = {
					04CE33ED293FF60200DA979F = {
						CreatedOnToolsVersion = 13.2.1;
					};
					04CE3403293FF60600DA979F = {
						CreatedOnToolsVersion = 13.2.1;
						TestTargetID = 04CE33ED293FF60200DA979F;
					};
					04CE340D293FF60600DA979F = {
						CreatedOnToolsVersion = 13.2.1;
						TestTargetID = 04CE33ED293FF60200DA979F;
					};
				};
			};
			buildConfigurationList = 04CE33E9293FF60200DA979F /* Build configuration list for PBXProject "Refactoring" */;
			compatibilityVersion = "Xcode 13.0";
			developmentRegion = en;
			hasScannedForEncodings = 0;
			knownRegions = (
				en,
				Base,
			);
			mainGroup = 04CE33E5293FF60200DA979F;
			productRefGroup = 04CE33EF293FF60200DA979F /* Products */;
			projectDirPath = "";
			projectRoot = "";
			targets = (
				04CE33ED293FF60200DA979F /* Refactoring */,
				04CE3403293FF60600DA979F /* RefactoringTests */,
				04CE340D293FF60600DA979F /* RefactoringUITests */,
			);
		};
/* End PBXProject section */

/* Begin PBXResourcesBuildPhase section */
		04CE33EC293FF60200DA979F /* Resources */ = {
			isa = PBXResourcesBuildPhase;
			buildActionMask = 2147483647;
			files = (
				04CE33FE293FF60500DA979F /* LaunchScreen.storyboard in Resources */,
				04CE33FB293FF60500DA979F /* Assets.xcassets in Resources */,
				04CE33F9293FF60200DA979F /* Main.storyboard in Resources */,
			);
			runOnlyForDeploymentPostprocessing = 0;
		};
		04CE3402293FF60600DA979F /* Resources */ = {
			isa = PBXResourcesBuildPhase;
			buildActionMask = 2147483647;
			files = (
			);
			runOnlyForDeploymentPostprocessing = 0;
		};
		04CE340C293FF60600DA979F /* Resources */ = {
			isa = PBXResourcesBuildPhase;
			buildActionMask = 2147483647;
			files = (
			);
			runOnlyForDeploymentPostprocessing = 0;
		};
/* End PBXResourcesBuildPhase section */

/* Begin PBXSourcesBuildPhase section */
		04CE33EA293FF60200DA979F /* Sources */ = {
			isa = PBXSourcesBuildPhase;
			buildActionMask = 2147483647;
			files = (
				04CE33F6293FF60200DA979F /* ViewController.swift in Sources */,
				043E9544294C75E700882777 /* ChangePasswordPresenter.swift in Sources */,
				0433E19C294B0D000056EEA5 /* ChangePasswordLabels.swift in Sources */,
				04CE33F2293FF60200DA979F /* AppDelegate.swift in Sources */,
				04A14EB7295522090046ECF3 /* PasswordInputs.swift in Sources */,
				043E9542294C75AF00882777 /* ChangePasswordViewCommands.swift in Sources */,
				04CE33F4293FF60200DA979F /* SceneDelegate.swift in Sources */,
				04CE3424293FFCA600DA979F /* ChangePasswordViewController.swift in Sources */,
				04CE3422293FF96000DA979F /* PasswordChanger.swift in Sources */,
			);
			runOnlyForDeploymentPostprocessing = 0;
		};
		04CE3400293FF60600DA979F /* Sources */ = {
			isa = PBXSourcesBuildPhase;
			buildActionMask = 2147483647;
			files = (
				04C471B62941230700C940F6 /* TestHelpers.swift in Sources */,
				04C471BA2941270600C940F6 /* ChangePasswordViewControllerTests.swift in Sources */,
				04C471B82941244300C940F6 /* MockPasswordChanger.swift in Sources */,
			);
			runOnlyForDeploymentPostprocessing = 0;
		};
		04CE340A293FF60600DA979F /* Sources */ = {
			isa = PBXSourcesBuildPhase;
			buildActionMask = 2147483647;
			files = (
				04CE3413293FF60600DA979F /* RefactoringUITests.swift in Sources */,
				04CE3415293FF60600DA979F /* RefactoringUITestsLaunchTests.swift in Sources */,
			);
			runOnlyForDeploymentPostprocessing = 0;
		};
/* End PBXSourcesBuildPhase section */

/* Begin PBXTargetDependency section */
		04CE3406293FF60600DA979F /* PBXTargetDependency */ = {
			isa = PBXTargetDependency;
			target = 04CE33ED293FF60200DA979F /* Refactoring */;
			targetProxy = 04CE3405293FF60600DA979F /* PBXContainerItemProxy */;
		};
		04CE3410293FF60600DA979F /* PBXTargetDependency */ = {
			isa = PBXTargetDependency;
			target = 04CE33ED293FF60200DA979F /* Refactoring */;
			targetProxy = 04CE340F293FF60600DA979F /* PBXContainerItemProxy */;
		};
/* End PBXTargetDependency section */

/* Begin PBXVariantGroup section */
		04CE33F7293FF60200DA979F /* Main.storyboard */ = {
			isa = PBXVariantGroup;
			children = (
				04CE33F8293FF60200DA979F /* Base */,
			);
			name = Main.storyboard;
			sourceTree = "<group>";
		};
		04CE33FC293FF60500DA979F /* LaunchScreen.storyboard */ = {
			isa = PBXVariantGroup;
			children = (
				04CE33FD293FF60500DA979F /* Base */,
			);
			name = LaunchScreen.storyboard;
			sourceTree = "<group>";
		};
/* End PBXVariantGroup section */

/* Begin XCBuildConfiguration section */
		04CE3416293FF60600DA979F /* Debug */ = {
			isa = XCBuildConfiguration;
			buildSettings = {
				ALWAYS_SEARCH_USER_PATHS = NO;
				CLANG_ANALYZER_NONNULL = YES;
				CLANG_ANALYZER_NUMBER_OBJECT_CONVERSION = YES_AGGRESSIVE;
				CLANG_CXX_LANGUAGE_STANDARD = "gnu++17";
				CLANG_CXX_LIBRARY = "libc++";
				CLANG_ENABLE_MODULES = YES;
				CLANG_ENABLE_OBJC_ARC = YES;
				CLANG_ENABLE_OBJC_WEAK = YES;
				CLANG_WARN_BLOCK_CAPTURE_AUTORELEASING = YES;
				CLANG_WARN_BOOL_CONVERSION = YES;
				CLANG_WARN_COMMA = YES;
				CLANG_WARN_CONSTANT_CONVERSION = YES;
				CLANG_WARN_DEPRECATED_OBJC_IMPLEMENTATIONS = YES;
				CLANG_WARN_DIRECT_OBJC_ISA_USAGE = YES_ERROR;
				CLANG_WARN_DOCUMENTATION_COMMENTS = YES;
				CLANG_WARN_EMPTY_BODY = YES;
				CLANG_WARN_ENUM_CONVERSION = YES;
				CLANG_WARN_INFINITE_RECURSION = YES;
				CLANG_WARN_INT_CONVERSION = YES;
				CLANG_WARN_NON_LITERAL_NULL_CONVERSION = YES;
				CLANG_WARN_OBJC_IMPLICIT_RETAIN_SELF = YES;
				CLANG_WARN_OBJC_LITERAL_CONVERSION = YES;
				CLANG_WARN_OBJC_ROOT_CLASS = YES_ERROR;
				CLANG_WARN_QUOTED_INCLUDE_IN_FRAMEWORK_HEADER = YES;
				CLANG_WARN_RANGE_LOOP_ANALYSIS = YES;
				CLANG_WARN_STRICT_PROTOTYPES = YES;
				CLANG_WARN_SUSPICIOUS_MOVE = YES;
				CLANG_WARN_UNGUARDED_AVAILABILITY = YES_AGGRESSIVE;
				CLANG_WARN_UNREACHABLE_CODE = YES;
				CLANG_WARN__DUPLICATE_METHOD_MATCH = YES;
				COPY_PHASE_STRIP = NO;
				DEBUG_INFORMATION_FORMAT = dwarf;
				ENABLE_STRICT_OBJC_MSGSEND = YES;
				ENABLE_TESTABILITY = YES;
				GCC_C_LANGUAGE_STANDARD = gnu11;
				GCC_DYNAMIC_NO_PIC = NO;
				GCC_NO_COMMON_BLOCKS = YES;
				GCC_OPTIMIZATION_LEVEL = 0;
				GCC_PREPROCESSOR_DEFINITIONS = (
					"DEBUG=1",
					"$(inherited)",
				);
				GCC_WARN_64_TO_32_BIT_CONVERSION = YES;
				GCC_WARN_ABOUT_RETURN_TYPE = YES_ERROR;
				GCC_WARN_UNDECLARED_SELECTOR = YES;
				GCC_WARN_UNINITIALIZED_AUTOS = YES_AGGRESSIVE;
				GCC_WARN_UNUSED_FUNCTION = YES;
				GCC_WARN_UNUSED_VARIABLE = YES;
				IPHONEOS_DEPLOYMENT_TARGET = 15.2;
				MTL_ENABLE_DEBUG_INFO = INCLUDE_SOURCE;
				MTL_FAST_MATH = YES;
				ONLY_ACTIVE_ARCH = YES;
				SDKROOT = iphoneos;
				SWIFT_ACTIVE_COMPILATION_CONDITIONS = DEBUG;
				SWIFT_OPTIMIZATION_LEVEL = "-Onone";
			};
			name = Debug;
		};
		04CE3417293FF60600DA979F /* Release */ = {
			isa = XCBuildConfiguration;
			buildSettings = {
				ALWAYS_SEARCH_USER_PATHS = NO;
				CLANG_ANALYZER_NONNULL = YES;
				CLANG_ANALYZER_NUMBER_OBJECT_CONVERSION = YES_AGGRESSIVE;
				CLANG_CXX_LANGUAGE_STANDARD = "gnu++17";
				CLANG_CXX_LIBRARY = "libc++";
				CLANG_ENABLE_MODULES = YES;
				CLANG_ENABLE_OBJC_ARC = YES;
				CLANG_ENABLE_OBJC_WEAK = YES;
				CLANG_WARN_BLOCK_CAPTURE_AUTORELEASING = YES;
				CLANG_WARN_BOOL_CONVERSION = YES;
				CLANG_WARN_COMMA = YES;
				CLANG_WARN_CONSTANT_CONVERSION = YES;
				CLANG_WARN_DEPRECATED_OBJC_IMPLEMENTATIONS = YES;
				CLANG_WARN_DIRECT_OBJC_ISA_USAGE = YES_ERROR;
				CLANG_WARN_DOCUMENTATION_COMMENTS = YES;
				CLANG_WARN_EMPTY_BODY = YES;
				CLANG_WARN_ENUM_CONVERSION = YES;
				CLANG_WARN_INFINITE_RECURSION = YES;
				CLANG_WARN_INT_CONVERSION = YES;
				CLANG_WARN_NON_LITERAL_NULL_CONVERSION = YES;
				CLANG_WARN_OBJC_IMPLICIT_RETAIN_SELF = YES;
				CLANG_WARN_OBJC_LITERAL_CONVERSION = YES;
				CLANG_WARN_OBJC_ROOT_CLASS = YES_ERROR;
				CLANG_WARN_QUOTED_INCLUDE_IN_FRAMEWORK_HEADER = YES;
				CLANG_WARN_RANGE_LOOP_ANALYSIS = YES;
				CLANG_WARN_STRICT_PROTOTYPES = YES;
				CLANG_WARN_SUSPICIOUS_MOVE = YES;
				CLANG_WARN_UNGUARDED_AVAILABILITY = YES_AGGRESSIVE;
				CLANG_WARN_UNREACHABLE_CODE = YES;
				CLANG_WARN__DUPLICATE_METHOD_MATCH = YES;
				COPY_PHASE_STRIP = NO;
				DEBUG_INFORMATION_FORMAT = "dwarf-with-dsym";
				ENABLE_NS_ASSERTIONS = NO;
				ENABLE_STRICT_OBJC_MSGSEND = YES;
				GCC_C_LANGUAGE_STANDARD = gnu11;
				GCC_NO_COMMON_BLOCKS = YES;
				GCC_WARN_64_TO_32_BIT_CONVERSION = YES;
				GCC_WARN_ABOUT_RETURN_TYPE = YES_ERROR;
				GCC_WARN_UNDECLARED_SELECTOR = YES;
				GCC_WARN_UNINITIALIZED_AUTOS = YES_AGGRESSIVE;
				GCC_WARN_UNUSED_FUNCTION = YES;
				GCC_WARN_UNUSED_VARIABLE = YES;
				IPHONEOS_DEPLOYMENT_TARGET = 15.2;
				MTL_ENABLE_DEBUG_INFO = NO;
				MTL_FAST_MATH = YES;
				SDKROOT = iphoneos;
				SWIFT_COMPILATION_MODE = wholemodule;
				SWIFT_OPTIMIZATION_LEVEL = "-O";
				VALIDATE_PRODUCT = YES;
			};
			name = Release;
		};
		04CE3419293FF60600DA979F /* Debug */ = {
			isa = XCBuildConfiguration;
			buildSettings = {
				ASSETCATALOG_COMPILER_APPICON_NAME = AppIcon;
				ASSETCATALOG_COMPILER_GLOBAL_ACCENT_COLOR_NAME = AccentColor;
				CODE_SIGN_STYLE = Automatic;
				CURRENT_PROJECT_VERSION = 1;
				DEVELOPMENT_TEAM = LB5YMG5W6W;
				GENERATE_INFOPLIST_FILE = YES;
				INFOPLIST_FILE = Refactoring/Info.plist;
				INFOPLIST_KEY_UIApplicationSupportsIndirectInputEvents = YES;
				INFOPLIST_KEY_UILaunchStoryboardName = LaunchScreen;
				INFOPLIST_KEY_UIMainStoryboardFile = Main;
				INFOPLIST_KEY_UISupportedInterfaceOrientations_iPad = "UIInterfaceOrientationPortrait UIInterfaceOrientationPortraitUpsideDown UIInterfaceOrientationLandscapeLeft UIInterfaceOrientationLandscapeRight";
				INFOPLIST_KEY_UISupportedInterfaceOrientations_iPhone = "UIInterfaceOrientationPortrait UIInterfaceOrientationLandscapeLeft UIInterfaceOrientationLandscapeRight";
				LD_RUNPATH_SEARCH_PATHS = (
					"$(inherited)",
					"@executable_path/Frameworks",
				);
				MARKETING_VERSION = 1.0;
				PRODUCT_BUNDLE_IDENTIFIER = com.woxi.app.Refactoring;
				PRODUCT_NAME = "$(TARGET_NAME)";
				SWIFT_EMIT_LOC_STRINGS = YES;
				SWIFT_VERSION = 5.0;
				TARGETED_DEVICE_FAMILY = "1,2";
			};
			name = Debug;
		};
		04CE341A293FF60600DA979F /* Release */ = {
			isa = XCBuildConfiguration;
			buildSettings = {
				ASSETCATALOG_COMPILER_APPICON_NAME = AppIcon;
				ASSETCATALOG_COMPILER_GLOBAL_ACCENT_COLOR_NAME = AccentColor;
				CODE_SIGN_STYLE = Automatic;
				CURRENT_PROJECT_VERSION = 1;
				DEVELOPMENT_TEAM = LB5YMG5W6W;
				GENERATE_INFOPLIST_FILE = YES;
				INFOPLIST_FILE = Refactoring/Info.plist;
				INFOPLIST_KEY_UIApplicationSupportsIndirectInputEvents = YES;
				INFOPLIST_KEY_UILaunchStoryboardName = LaunchScreen;
				INFOPLIST_KEY_UIMainStoryboardFile = Main;
				INFOPLIST_KEY_UISupportedInterfaceOrientations_iPad = "UIInterfaceOrientationPortrait UIInterfaceOrientationPortraitUpsideDown UIInterfaceOrientationLandscapeLeft UIInterfaceOrientationLandscapeRight";
				INFOPLIST_KEY_UISupportedInterfaceOrientations_iPhone = "UIInterfaceOrientationPortrait UIInterfaceOrientationLandscapeLeft UIInterfaceOrientationLandscapeRight";
				LD_RUNPATH_SEARCH_PATHS = (
					"$(inherited)",
					"@executable_path/Frameworks",
				);
				MARKETING_VERSION = 1.0;
				PRODUCT_BUNDLE_IDENTIFIER = com.woxi.app.Refactoring;
				PRODUCT_NAME = "$(TARGET_NAME)";
				SWIFT_EMIT_LOC_STRINGS = YES;
				SWIFT_VERSION = 5.0;
				TARGETED_DEVICE_FAMILY = "1,2";
			};
			name = Release;
		};
		04CE341C293FF60600DA979F /* Debug */ = {
			isa = XCBuildConfiguration;
			buildSettings = {
				ALWAYS_EMBED_SWIFT_STANDARD_LIBRARIES = YES;
				BUNDLE_LOADER = "$(TEST_HOST)";
				CODE_SIGN_STYLE = Automatic;
				CURRENT_PROJECT_VERSION = 1;
				DEVELOPMENT_TEAM = LB5YMG5W6W;
				GENERATE_INFOPLIST_FILE = YES;
				IPHONEOS_DEPLOYMENT_TARGET = 15.2;
				MARKETING_VERSION = 1.0;
				PRODUCT_BUNDLE_IDENTIFIER = com.woxi.app.RefactoringTests;
				PRODUCT_NAME = "$(TARGET_NAME)";
				SWIFT_EMIT_LOC_STRINGS = NO;
				SWIFT_VERSION = 5.0;
				TARGETED_DEVICE_FAMILY = "1,2";
				TEST_HOST = "$(BUILT_PRODUCTS_DIR)/Refactoring.app/Refactoring";
			};
			name = Debug;
		};
		04CE341D293FF60600DA979F /* Release */ = {
			isa = XCBuildConfiguration;
			buildSettings = {
				ALWAYS_EMBED_SWIFT_STANDARD_LIBRARIES = YES;
				BUNDLE_LOADER = "$(TEST_HOST)";
				CODE_SIGN_STYLE = Automatic;
				CURRENT_PROJECT_VERSION = 1;
				DEVELOPMENT_TEAM = LB5YMG5W6W;
				GENERATE_INFOPLIST_FILE = YES;
				IPHONEOS_DEPLOYMENT_TARGET = 15.2;
				MARKETING_VERSION = 1.0;
				PRODUCT_BUNDLE_IDENTIFIER = com.woxi.app.RefactoringTests;
				PRODUCT_NAME = "$(TARGET_NAME)";
				SWIFT_EMIT_LOC_STRINGS = NO;
				SWIFT_VERSION = 5.0;
				TARGETED_DEVICE_FAMILY = "1,2";
				TEST_HOST = "$(BUILT_PRODUCTS_DIR)/Refactoring.app/Refactoring";
			};
			name = Release;
		};
		04CE341F293FF60600DA979F /* Debug */ = {
			isa = XCBuildConfiguration;
			buildSettings = {
				ALWAYS_EMBED_SWIFT_STANDARD_LIBRARIES = YES;
				CODE_SIGN_STYLE = Automatic;
				CURRENT_PROJECT_VERSION = 1;
				DEVELOPMENT_TEAM = LB5YMG5W6W;
				GENERATE_INFOPLIST_FILE = YES;
				MARKETING_VERSION = 1.0;
				PRODUCT_BUNDLE_IDENTIFIER = com.woxi.app.RefactoringUITests;
				PRODUCT_NAME = "$(TARGET_NAME)";
				SWIFT_EMIT_LOC_STRINGS = NO;
				SWIFT_VERSION = 5.0;
				TARGETED_DEVICE_FAMILY = "1,2";
				TEST_TARGET_NAME = Refactoring;
			};
			name = Debug;
		};
		04CE3420293FF60600DA979F /* Release */ = {
			isa = XCBuildConfiguration;
			buildSettings = {
				ALWAYS_EMBED_SWIFT_STANDARD_LIBRARIES = YES;
				CODE_SIGN_STYLE = Automatic;
				CURRENT_PROJECT_VERSION = 1;
				DEVELOPMENT_TEAM = LB5YMG5W6W;
				GENERATE_INFOPLIST_FILE = YES;
				MARKETING_VERSION = 1.0;
				PRODUCT_BUNDLE_IDENTIFIER = com.woxi.app.RefactoringUITests;
				PRODUCT_NAME = "$(TARGET_NAME)";
				SWIFT_EMIT_LOC_STRINGS = NO;
				SWIFT_VERSION = 5.0;
				TARGETED_DEVICE_FAMILY = "1,2";
				TEST_TARGET_NAME = Refactoring;
			};
			name = Release;
		};
/* End XCBuildConfiguration section */

/* Begin XCConfigurationList section */
		04CE33E9293FF60200DA979F /* Build configuration list for PBXProject "Refactoring" */ = {
			isa = XCConfigurationList;
			buildConfigurations = (
				04CE3416293FF60600DA979F /* Debug */,
				04CE3417293FF60600DA979F /* Release */,
			);
			defaultConfigurationIsVisible = 0;
			defaultConfigurationName = Release;
		};
		04CE3418293FF60600DA979F /* Build configuration list for PBXNativeTarget "Refactoring" */ = {
			isa = XCConfigurationList;
			buildConfigurations = (
				04CE3419293FF60600DA979F /* Debug */,
				04CE341A293FF60600DA979F /* Release */,
			);
			defaultConfigurationIsVisible = 0;
			defaultConfigurationName = Release;
		};
		04CE341B293FF60600DA979F /* Build configuration list for PBXNativeTarget "RefactoringTests" */ = {
			isa = XCConfigurationList;
			buildConfigurations = (
				04CE341C293FF60600DA979F /* Debug */,
				04CE341D293FF60600DA979F /* Release */,
			);
			defaultConfigurationIsVisible = 0;
			defaultConfigurationName = Release;
		};
		04CE341E293FF60600DA979F /* Build configuration list for PBXNativeTarget "RefactoringUITests" */ = {
			isa = XCConfigurationList;
			buildConfigurations = (
				04CE341F293FF60600DA979F /* Debug */,
				04CE3420293FF60600DA979F /* Release */,
			);
			defaultConfigurationIsVisible = 0;
			defaultConfigurationName = Release;
		};
/* End XCConfigurationList section */
	};
	rootObject = 04CE33E6293FF60200DA979F /* Project object */;
}
