// !$*UTF8*$!
{
	archiveVersion = 1;
	classes = {
	};
	objectVersion = 55;
	objects = {

/* Begin PBXBuildFile section */
		049F3C612930A71900646C7A /* AppDelegate.swift in Sources */ = {isa = PBXBuildFile; fileRef = 049F3C602930A71900646C7A /* AppDelegate.swift */; };
		049F3C632930A71900646C7A /* SceneDelegate.swift in Sources */ = {isa = PBXBuildFile; fileRef = 049F3C622930A71900646C7A /* SceneDelegate.swift */; };
		049F3C652930A71900646C7A /* ViewController.swift in Sources */ = {isa = PBXBuildFile; fileRef = 049F3C642930A71900646C7A /* ViewController.swift */; };
		049F3C682930A71900646C7A /* Main.storyboard in Resources */ = {isa = PBXBuildFile; fileRef = 049F3C662930A71900646C7A /* Main.storyboard */; };
		049F3C6A2930A71C00646C7A /* Assets.xcassets in Resources */ = {isa = PBXBuildFile; fileRef = 049F3C692930A71C00646C7A /* Assets.xcassets */; };
		049F3C6D2930A71C00646C7A /* LaunchScreen.storyboard in Resources */ = {isa = PBXBuildFile; fileRef = 049F3C6B2930A71C00646C7A /* LaunchScreen.storyboard */; };
		049F3C822930A71C00646C7A /* UserDefaultsUITests.swift in Sources */ = {isa = PBXBuildFile; fileRef = 049F3C812930A71C00646C7A /* UserDefaultsUITests.swift */; };
		049F3C842930A71C00646C7A /* UserDefaultsUITestsLaunchTests.swift in Sources */ = {isa = PBXBuildFile; fileRef = 049F3C832930A71C00646C7A /* UserDefaultsUITestsLaunchTests.swift */; };
		049F3C912930ABA100646C7A /* UserDefaultsProtocol.swift in Sources */ = {isa = PBXBuildFile; fileRef = 049F3C902930ABA100646C7A /* UserDefaultsProtocol.swift */; };
		049F3C932930AD8F00646C7A /* FakeUserDefaults.swift in Sources */ = {isa = PBXBuildFile; fileRef = 049F3C922930AD8F00646C7A /* FakeUserDefaults.swift */; };
		049F3C952930AE7500646C7A /* ViewControllerTests.swift in Sources */ = {isa = PBXBuildFile; fileRef = 049F3C942930AE7500646C7A /* ViewControllerTests.swift */; };
		049F3C972930B19000646C7A /* TestHelpers.swift in Sources */ = {isa = PBXBuildFile; fileRef = 049F3C962930B19000646C7A /* TestHelpers.swift */; };
/* End PBXBuildFile section */

/* Begin PBXContainerItemProxy section */
		049F3C742930A71C00646C7A /* PBXContainerItemProxy */ = {
			isa = PBXContainerItemProxy;
			containerPortal = 049F3C552930A71900646C7A /* Project object */;
			proxyType = 1;
			remoteGlobalIDString = 049F3C5C2930A71900646C7A;
			remoteInfo = UserDefaults;
		};
		049F3C7E2930A71C00646C7A /* PBXContainerItemProxy */ = {
			isa = PBXContainerItemProxy;
			containerPortal = 049F3C552930A71900646C7A /* Project object */;
			proxyType = 1;
			remoteGlobalIDString = 049F3C5C2930A71900646C7A;
			remoteInfo = UserDefaults;
		};
/* End PBXContainerItemProxy section */

/* Begin PBXFileReference section */
		049F3C5D2930A71900646C7A /* UserDefaults.app */ = {isa = PBXFileReference; explicitFileType = wrapper.application; includeInIndex = 0; path = UserDefaults.app; sourceTree = BUILT_PRODUCTS_DIR; };
		049F3C602930A71900646C7A /* AppDelegate.swift */ = {isa = PBXFileReference; lastKnownFileType = sourcecode.swift; path = AppDelegate.swift; sourceTree = "<group>"; };
		049F3C622930A71900646C7A /* SceneDelegate.swift */ = {isa = PBXFileReference; lastKnownFileType = sourcecode.swift; path = SceneDelegate.swift; sourceTree = "<group>"; };
		049F3C642930A71900646C7A /* ViewController.swift */ = {isa = PBXFileReference; lastKnownFileType = sourcecode.swift; path = ViewController.swift; sourceTree = "<group>"; };
		049F3C672930A71900646C7A /* Base */ = {isa = PBXFileReference; lastKnownFileType = file.storyboard; name = Base; path = Base.lproj/Main.storyboard; sourceTree = "<group>"; };
		049F3C692930A71C00646C7A /* Assets.xcassets */ = {isa = PBXFileReference; lastKnownFileType = folder.assetcatalog; path = Assets.xcassets; sourceTree = "<group>"; };
		049F3C6C2930A71C00646C7A /* Base */ = {isa = PBXFileReference; lastKnownFileType = file.storyboard; name = Base; path = Base.lproj/LaunchScreen.storyboard; sourceTree = "<group>"; };
		049F3C6E2930A71C00646C7A /* Info.plist */ = {isa = PBXFileReference; lastKnownFileType = text.plist.xml; path = Info.plist; sourceTree = "<group>"; };
		049F3C732930A71C00646C7A /* UserDefaultsTests.xctest */ = {isa = PBXFileReference; explicitFileType = wrapper.cfbundle; includeInIndex = 0; path = UserDefaultsTests.xctest; sourceTree = BUILT_PRODUCTS_DIR; };
		049F3C7D2930A71C00646C7A /* UserDefaultsUITests.xctest */ = {isa = PBXFileReference; explicitFileType = wrapper.cfbundle; includeInIndex = 0; path = UserDefaultsUITests.xctest; sourceTree = BUILT_PRODUCTS_DIR; };
		049F3C812930A71C00646C7A /* UserDefaultsUITests.swift */ = {isa = PBXFileReference; lastKnownFileType = sourcecode.swift; path = UserDefaultsUITests.swift; sourceTree = "<group>"; };
		049F3C832930A71C00646C7A /* UserDefaultsUITestsLaunchTests.swift */ = {isa = PBXFileReference; lastKnownFileType = sourcecode.swift; path = UserDefaultsUITestsLaunchTests.swift; sourceTree = "<group>"; };
		049F3C902930ABA100646C7A /* UserDefaultsProtocol.swift */ = {isa = PBXFileReference; lastKnownFileType = sourcecode.swift; path = UserDefaultsProtocol.swift; sourceTree = "<group>"; };
		049F3C922930AD8F00646C7A /* FakeUserDefaults.swift */ = {isa = PBXFileReference; lastKnownFileType = sourcecode.swift; path = FakeUserDefaults.swift; sourceTree = "<group>"; };
		049F3C942930AE7500646C7A /* ViewControllerTests.swift */ = {isa = PBXFileReference; lastKnownFileType = sourcecode.swift; path = ViewControllerTests.swift; sourceTree = "<group>"; };
		049F3C962930B19000646C7A /* TestHelpers.swift */ = {isa = PBXFileReference; lastKnownFileType = sourcecode.swift; path = TestHelpers.swift; sourceTree = "<group>"; };
/* End PBXFileReference section */

/* Begin PBXFrameworksBuildPhase section */
		049F3C5A2930A71900646C7A /* Frameworks */ = {
			isa = PBXFrameworksBuildPhase;
			buildActionMask = 2147483647;
			files = (
			);
			runOnlyForDeploymentPostprocessing = 0;
		};
		049F3C702930A71C00646C7A /* Frameworks */ = {
			isa = PBXFrameworksBuildPhase;
			buildActionMask = 2147483647;
			files = (
			);
			runOnlyForDeploymentPostprocessing = 0;
		};
		049F3C7A2930A71C00646C7A /* Frameworks */ = {
			isa = PBXFrameworksBuildPhase;
			buildActionMask = 2147483647;
			files = (
			);
			runOnlyForDeploymentPostprocessing = 0;
		};
/* End PBXFrameworksBuildPhase section */

/* Begin PBXGroup section */
		049F3C542930A71900646C7A = {
			isa = PBXGroup;
			children = (
				049F3C5F2930A71900646C7A /* UserDefaults */,
				049F3C762930A71C00646C7A /* UserDefaultsTests */,
				049F3C802930A71C00646C7A /* UserDefaultsUITests */,
				049F3C5E2930A71900646C7A /* Products */,
			);
			sourceTree = "<group>";
		};
		049F3C5E2930A71900646C7A /* Products */ = {
			isa = PBXGroup;
			children = (
				049F3C5D2930A71900646C7A /* UserDefaults.app */,
				049F3C732930A71C00646C7A /* UserDefaultsTests.xctest */,
				049F3C7D2930A71C00646C7A /* UserDefaultsUITests.xctest */,
			);
			name = Products;
			sourceTree = "<group>";
		};
		049F3C5F2930A71900646C7A /* UserDefaults */ = {
			isa = PBXGroup;
			children = (
				049F3C602930A71900646C7A /* AppDelegate.swift */,
				049F3C622930A71900646C7A /* SceneDelegate.swift */,
				049F3C642930A71900646C7A /* ViewController.swift */,
				049F3C662930A71900646C7A /* Main.storyboard */,
				049F3C692930A71C00646C7A /* Assets.xcassets */,
				049F3C6B2930A71C00646C7A /* LaunchScreen.storyboard */,
				049F3C6E2930A71C00646C7A /* Info.plist */,
				049F3C902930ABA100646C7A /* UserDefaultsProtocol.swift */,
			);
			path = UserDefaults;
			sourceTree = "<group>";
		};
		049F3C762930A71C00646C7A /* UserDefaultsTests */ = {
			isa = PBXGroup;
			children = (
				049F3C922930AD8F00646C7A /* FakeUserDefaults.swift */,
				049F3C942930AE7500646C7A /* ViewControllerTests.swift */,
				049F3C962930B19000646C7A /* TestHelpers.swift */,
			);
			path = UserDefaultsTests;
			sourceTree = "<group>";
		};
		049F3C802930A71C00646C7A /* UserDefaultsUITests */ = {
			isa = PBXGroup;
			children = (
				049F3C812930A71C00646C7A /* UserDefaultsUITests.swift */,
				049F3C832930A71C00646C7A /* UserDefaultsUITestsLaunchTests.swift */,
			);
			path = UserDefaultsUITests;
			sourceTree = "<group>";
		};
/* End PBXGroup section */

/* Begin PBXNativeTarget section */
		049F3C5C2930A71900646C7A /* UserDefaults */ = {
			isa = PBXNativeTarget;
			buildConfigurationList = 049F3C872930A71C00646C7A /* Build configuration list for PBXNativeTarget "UserDefaults" */;
			buildPhases = (
				049F3C592930A71900646C7A /* Sources */,
				049F3C5A2930A71900646C7A /* Frameworks */,
				049F3C5B2930A71900646C7A /* Resources */,
			);
			buildRules = (
			);
			dependencies = (
			);
			name = UserDefaults;
			productName = UserDefaults;
			productReference = 049F3C5D2930A71900646C7A /* UserDefaults.app */;
			productType = "com.apple.product-type.application";
		};
		049F3C722930A71C00646C7A /* UserDefaultsTests */ = {
			isa = PBXNativeTarget;
			buildConfigurationList = 049F3C8A2930A71C00646C7A /* Build configuration list for PBXNativeTarget "UserDefaultsTests" */;
			buildPhases = (
				049F3C6F2930A71C00646C7A /* Sources */,
				049F3C702930A71C00646C7A /* Frameworks */,
				049F3C712930A71C00646C7A /* Resources */,
			);
			buildRules = (
			);
			dependencies = (
				049F3C752930A71C00646C7A /* PBXTargetDependency */,
			);
			name = UserDefaultsTests;
			productName = UserDefaultsTests;
			productReference = 049F3C732930A71C00646C7A /* UserDefaultsTests.xctest */;
			productType = "com.apple.product-type.bundle.unit-test";
		};
		049F3C7C2930A71C00646C7A /* UserDefaultsUITests */ = {
			isa = PBXNativeTarget;
			buildConfigurationList = 049F3C8D2930A71C00646C7A /* Build configuration list for PBXNativeTarget "UserDefaultsUITests" */;
			buildPhases = (
				049F3C792930A71C00646C7A /* Sources */,
				049F3C7A2930A71C00646C7A /* Frameworks */,
				049F3C7B2930A71C00646C7A /* Resources */,
			);
			buildRules = (
			);
			dependencies = (
				049F3C7F2930A71C00646C7A /* PBXTargetDependency */,
			);
			name = UserDefaultsUITests;
			productName = UserDefaultsUITests;
			productReference = 049F3C7D2930A71C00646C7A /* UserDefaultsUITests.xctest */;
			productType = "com.apple.product-type.bundle.ui-testing";
		};
/* End PBXNativeTarget section */

/* Begin PBXProject section */
		049F3C552930A71900646C7A /* Project object */ = {
			isa = PBXProject;
			attributes = {
				BuildIndependentTargetsInParallel = 1;
				LastSwiftUpdateCheck = 1320;
				LastUpgradeCheck = 1320;
				TargetAttributes = {
					049F3C5C2930A71900646C7A = {
						CreatedOnToolsVersion = 13.2.1;
					};
					049F3C722930A71C00646C7A = {
						CreatedOnToolsVersion = 13.2.1;
						LastSwiftMigration = 1320;
						TestTargetID = 049F3C5C2930A71900646C7A;
					};
					049F3C7C2930A71C00646C7A = {
						CreatedOnToolsVersion = 13.2.1;
						TestTargetID = 049F3C5C2930A71900646C7A;
					};
				};
			};
			buildConfigurationList = 049F3C582930A71900646C7A /* Build configuration list for PBXProject "UserDefaults" */;
			compatibilityVersion = "Xcode 13.0";
			developmentRegion = en;
			hasScannedForEncodings = 0;
			knownRegions = (
				en,
				Base,
			);
			mainGroup = 049F3C542930A71900646C7A;
			productRefGroup = 049F3C5E2930A71900646C7A /* Products */;
			projectDirPath = "";
			projectRoot = "";
			targets = (
				049F3C5C2930A71900646C7A /* UserDefaults */,
				049F3C722930A71C00646C7A /* UserDefaultsTests */,
				049F3C7C2930A71C00646C7A /* UserDefaultsUITests */,
			);
		};
/* End PBXProject section */

/* Begin PBXResourcesBuildPhase section */
		049F3C5B2930A71900646C7A /* Resources */ = {
			isa = PBXResourcesBuildPhase;
			buildActionMask = 2147483647;
			files = (
				049F3C6D2930A71C00646C7A /* LaunchScreen.storyboard in Resources */,
				049F3C6A2930A71C00646C7A /* Assets.xcassets in Resources */,
				049F3C682930A71900646C7A /* Main.storyboard in Resources */,
			);
			runOnlyForDeploymentPostprocessing = 0;
		};
		049F3C712930A71C00646C7A /* Resources */ = {
			isa = PBXResourcesBuildPhase;
			buildActionMask = 2147483647;
			files = (
			);
			runOnlyForDeploymentPostprocessing = 0;
		};
		049F3C7B2930A71C00646C7A /* Resources */ = {
			isa = PBXResourcesBuildPhase;
			buildActionMask = 2147483647;
			files = (
			);
			runOnlyForDeploymentPostprocessing = 0;
		};
/* End PBXResourcesBuildPhase section */

/* Begin PBXSourcesBuildPhase section */
		049F3C592930A71900646C7A /* Sources */ = {
			isa = PBXSourcesBuildPhase;
			buildActionMask = 2147483647;
			files = (
				049F3C652930A71900646C7A /* ViewController.swift in Sources */,
				049F3C612930A71900646C7A /* AppDelegate.swift in Sources */,
				049F3C912930ABA100646C7A /* UserDefaultsProtocol.swift in Sources */,
				049F3C632930A71900646C7A /* SceneDelegate.swift in Sources */,
			);
			runOnlyForDeploymentPostprocessing = 0;
		};
		049F3C6F2930A71C00646C7A /* Sources */ = {
			isa = PBXSourcesBuildPhase;
			buildActionMask = 2147483647;
			files = (
				049F3C952930AE7500646C7A /* ViewControllerTests.swift in Sources */,
				049F3C932930AD8F00646C7A /* FakeUserDefaults.swift in Sources */,
				049F3C972930B19000646C7A /* TestHelpers.swift in Sources */,
			);
			runOnlyForDeploymentPostprocessing = 0;
		};
		049F3C792930A71C00646C7A /* Sources */ = {
			isa = PBXSourcesBuildPhase;
			buildActionMask = 2147483647;
			files = (
				049F3C822930A71C00646C7A /* UserDefaultsUITests.swift in Sources */,
				049F3C842930A71C00646C7A /* UserDefaultsUITestsLaunchTests.swift in Sources */,
			);
			runOnlyForDeploymentPostprocessing = 0;
		};
/* End PBXSourcesBuildPhase section */

/* Begin PBXTargetDependency section */
		049F3C752930A71C00646C7A /* PBXTargetDependency */ = {
			isa = PBXTargetDependency;
			target = 049F3C5C2930A71900646C7A /* UserDefaults */;
			targetProxy = 049F3C742930A71C00646C7A /* PBXContainerItemProxy */;
		};
		049F3C7F2930A71C00646C7A /* PBXTargetDependency */ = {
			isa = PBXTargetDependency;
			target = 049F3C5C2930A71900646C7A /* UserDefaults */;
			targetProxy = 049F3C7E2930A71C00646C7A /* PBXContainerItemProxy */;
		};
/* End PBXTargetDependency section */

/* Begin PBXVariantGroup section */
		049F3C662930A71900646C7A /* Main.storyboard */ = {
			isa = PBXVariantGroup;
			children = (
				049F3C672930A71900646C7A /* Base */,
			);
			name = Main.storyboard;
			sourceTree = "<group>";
		};
		049F3C6B2930A71C00646C7A /* LaunchScreen.storyboard */ = {
			isa = PBXVariantGroup;
			children = (
				049F3C6C2930A71C00646C7A /* Base */,
			);
			name = LaunchScreen.storyboard;
			sourceTree = "<group>";
		};
/* End PBXVariantGroup section */

/* Begin XCBuildConfiguration section */
		049F3C852930A71C00646C7A /* Debug */ = {
			isa = XCBuildConfiguration;
			buildSettings = {
				ALWAYS_SEARCH_USER_PATHS = NO;
				CLANG_ANALYZER_NONNULL = YES;
				CLANG_ANALYZER_NUMBER_OBJECT_CONVERSION = YES_AGGRESSIVE;
				CLANG_CXX_LANGUAGE_STANDARD = "gnu++17";
				CLANG_CXX_LIBRARY = "libc++";
				CLANG_ENABLE_MODULES = YES;
				CLANG_ENABLE_OBJC_ARC = YES;
				CLANG_ENABLE_OBJC_WEAK = YES;
				CLANG_WARN_BLOCK_CAPTURE_AUTORELEASING = YES;
				CLANG_WARN_BOOL_CONVERSION = YES;
				CLANG_WARN_COMMA = YES;
				CLANG_WARN_CONSTANT_CONVERSION = YES;
				CLANG_WARN_DEPRECATED_OBJC_IMPLEMENTATIONS = YES;
				CLANG_WARN_DIRECT_OBJC_ISA_USAGE = YES_ERROR;
				CLANG_WARN_DOCUMENTATION_COMMENTS = YES;
				CLANG_WARN_EMPTY_BODY = YES;
				CLANG_WARN_ENUM_CONVERSION = YES;
				CLANG_WARN_INFINITE_RECURSION = YES;
				CLANG_WARN_INT_CONVERSION = YES;
				CLANG_WARN_NON_LITERAL_NULL_CONVERSION = YES;
				CLANG_WARN_OBJC_IMPLICIT_RETAIN_SELF = YES;
				CLANG_WARN_OBJC_LITERAL_CONVERSION = YES;
				CLANG_WARN_OBJC_ROOT_CLASS = YES_ERROR;
				CLANG_WARN_QUOTED_INCLUDE_IN_FRAMEWORK_HEADER = YES;
				CLANG_WARN_RANGE_LOOP_ANALYSIS = YES;
				CLANG_WARN_STRICT_PROTOTYPES = YES;
				CLANG_WARN_SUSPICIOUS_MOVE = YES;
				CLANG_WARN_UNGUARDED_AVAILABILITY = YES_AGGRESSIVE;
				CLANG_WARN_UNREACHABLE_CODE = YES;
				CLANG_WARN__DUPLICATE_METHOD_MATCH = YES;
				COPY_PHASE_STRIP = NO;
				DEBUG_INFORMATION_FORMAT = dwarf;
				ENABLE_STRICT_OBJC_MSGSEND = YES;
				ENABLE_TESTABILITY = YES;
				GCC_C_LANGUAGE_STANDARD = gnu11;
				GCC_DYNAMIC_NO_PIC = NO;
				GCC_NO_COMMON_BLOCKS = YES;
				GCC_OPTIMIZATION_LEVEL = 0;
				GCC_PREPROCESSOR_DEFINITIONS = (
					"DEBUG=1",
					"$(inherited)",
				);
				GCC_WARN_64_TO_32_BIT_CONVERSION = YES;
				GCC_WARN_ABOUT_RETURN_TYPE = YES_ERROR;
				GCC_WARN_UNDECLARED_SELECTOR = YES;
				GCC_WARN_UNINITIALIZED_AUTOS = YES_AGGRESSIVE;
				GCC_WARN_UNUSED_FUNCTION = YES;
				GCC_WARN_UNUSED_VARIABLE = YES;
				IPHONEOS_DEPLOYMENT_TARGET = 15.2;
				MTL_ENABLE_DEBUG_INFO = INCLUDE_SOURCE;
				MTL_FAST_MATH = YES;
				ONLY_ACTIVE_ARCH = YES;
				SDKROOT = iphoneos;
				SWIFT_ACTIVE_COMPILATION_CONDITIONS = DEBUG;
				SWIFT_OPTIMIZATION_LEVEL = "-Onone";
			};
			name = Debug;
		};
		049F3C862930A71C00646C7A /* Release */ = {
			isa = XCBuildConfiguration;
			buildSettings = {
				ALWAYS_SEARCH_USER_PATHS = NO;
				CLANG_ANALYZER_NONNULL = YES;
				CLANG_ANALYZER_NUMBER_OBJECT_CONVERSION = YES_AGGRESSIVE;
				CLANG_CXX_LANGUAGE_STANDARD = "gnu++17";
				CLANG_CXX_LIBRARY = "libc++";
				CLANG_ENABLE_MODULES = YES;
				CLANG_ENABLE_OBJC_ARC = YES;
				CLANG_ENABLE_OBJC_WEAK = YES;
				CLANG_WARN_BLOCK_CAPTURE_AUTORELEASING = YES;
				CLANG_WARN_BOOL_CONVERSION = YES;
				CLANG_WARN_COMMA = YES;
				CLANG_WARN_CONSTANT_CONVERSION = YES;
				CLANG_WARN_DEPRECATED_OBJC_IMPLEMENTATIONS = YES;
				CLANG_WARN_DIRECT_OBJC_ISA_USAGE = YES_ERROR;
				CLANG_WARN_DOCUMENTATION_COMMENTS = YES;
				CLANG_WARN_EMPTY_BODY = YES;
				CLANG_WARN_ENUM_CONVERSION = YES;
				CLANG_WARN_INFINITE_RECURSION = YES;
				CLANG_WARN_INT_CONVERSION = YES;
				CLANG_WARN_NON_LITERAL_NULL_CONVERSION = YES;
				CLANG_WARN_OBJC_IMPLICIT_RETAIN_SELF = YES;
				CLANG_WARN_OBJC_LITERAL_CONVERSION = YES;
				CLANG_WARN_OBJC_ROOT_CLASS = YES_ERROR;
				CLANG_WARN_QUOTED_INCLUDE_IN_FRAMEWORK_HEADER = YES;
				CLANG_WARN_RANGE_LOOP_ANALYSIS = YES;
				CLANG_WARN_STRICT_PROTOTYPES = YES;
				CLANG_WARN_SUSPICIOUS_MOVE = YES;
				CLANG_WARN_UNGUARDED_AVAILABILITY = YES_AGGRESSIVE;
				CLANG_WARN_UNREACHABLE_CODE = YES;
				CLANG_WARN__DUPLICATE_METHOD_MATCH = YES;
				COPY_PHASE_STRIP = NO;
				DEBUG_INFORMATION_FORMAT = "dwarf-with-dsym";
				ENABLE_NS_ASSERTIONS = NO;
				ENABLE_STRICT_OBJC_MSGSEND = YES;
				GCC_C_LANGUAGE_STANDARD = gnu11;
				GCC_NO_COMMON_BLOCKS = YES;
				GCC_WARN_64_TO_32_BIT_CONVERSION = YES;
				GCC_WARN_ABOUT_RETURN_TYPE = YES_ERROR;
				GCC_WARN_UNDECLARED_SELECTOR = YES;
				GCC_WARN_UNINITIALIZED_AUTOS = YES_AGGRESSIVE;
				GCC_WARN_UNUSED_FUNCTION = YES;
				GCC_WARN_UNUSED_VARIABLE = YES;
				IPHONEOS_DEPLOYMENT_TARGET = 15.2;
				MTL_ENABLE_DEBUG_INFO = NO;
				MTL_FAST_MATH = YES;
				SDKROOT = iphoneos;
				SWIFT_COMPILATION_MODE = wholemodule;
				SWIFT_OPTIMIZATION_LEVEL = "-O";
				VALIDATE_PRODUCT = YES;
			};
			name = Release;
		};
		049F3C882930A71C00646C7A /* Debug */ = {
			isa = XCBuildConfiguration;
			buildSettings = {
				ASSETCATALOG_COMPILER_APPICON_NAME = AppIcon;
				ASSETCATALOG_COMPILER_GLOBAL_ACCENT_COLOR_NAME = AccentColor;
				CODE_SIGN_STYLE = Automatic;
				CURRENT_PROJECT_VERSION = 1;
				DEVELOPMENT_TEAM = LB5YMG5W6W;
				GENERATE_INFOPLIST_FILE = YES;
				INFOPLIST_FILE = UserDefaults/Info.plist;
				INFOPLIST_KEY_UIApplicationSupportsIndirectInputEvents = YES;
				INFOPLIST_KEY_UILaunchStoryboardName = LaunchScreen;
				INFOPLIST_KEY_UIMainStoryboardFile = Main;
				INFOPLIST_KEY_UISupportedInterfaceOrientations_iPad = "UIInterfaceOrientationPortrait UIInterfaceOrientationPortraitUpsideDown UIInterfaceOrientationLandscapeLeft UIInterfaceOrientationLandscapeRight";
				INFOPLIST_KEY_UISupportedInterfaceOrientations_iPhone = "UIInterfaceOrientationPortrait UIInterfaceOrientationLandscapeLeft UIInterfaceOrientationLandscapeRight";
				LD_RUNPATH_SEARCH_PATHS = (
					"$(inherited)",
					"@executable_path/Frameworks",
				);
				MARKETING_VERSION = 1.0;
				PRODUCT_BUNDLE_IDENTIFIER = com.woxi.app.UserDefaults;
				PRODUCT_NAME = "$(TARGET_NAME)";
				SWIFT_EMIT_LOC_STRINGS = YES;
				SWIFT_VERSION = 5.0;
				TARGETED_DEVICE_FAMILY = "1,2";
			};
			name = Debug;
		};
		049F3C892930A71C00646C7A /* Release */ = {
			isa = XCBuildConfiguration;
			buildSettings = {
				ASSETCATALOG_COMPILER_APPICON_NAME = AppIcon;
				ASSETCATALOG_COMPILER_GLOBAL_ACCENT_COLOR_NAME = AccentColor;
				CODE_SIGN_STYLE = Automatic;
				CURRENT_PROJECT_VERSION = 1;
				DEVELOPMENT_TEAM = LB5YMG5W6W;
				GENERATE_INFOPLIST_FILE = YES;
				INFOPLIST_FILE = UserDefaults/Info.plist;
				INFOPLIST_KEY_UIApplicationSupportsIndirectInputEvents = YES;
				INFOPLIST_KEY_UILaunchStoryboardName = LaunchScreen;
				INFOPLIST_KEY_UIMainStoryboardFile = Main;
				INFOPLIST_KEY_UISupportedInterfaceOrientations_iPad = "UIInterfaceOrientationPortrait UIInterfaceOrientationPortraitUpsideDown UIInterfaceOrientationLandscapeLeft UIInterfaceOrientationLandscapeRight";
				INFOPLIST_KEY_UISupportedInterfaceOrientations_iPhone = "UIInterfaceOrientationPortrait UIInterfaceOrientationLandscapeLeft UIInterfaceOrientationLandscapeRight";
				LD_RUNPATH_SEARCH_PATHS = (
					"$(inherited)",
					"@executable_path/Frameworks",
				);
				MARKETING_VERSION = 1.0;
				PRODUCT_BUNDLE_IDENTIFIER = com.woxi.app.UserDefaults;
				PRODUCT_NAME = "$(TARGET_NAME)";
				SWIFT_EMIT_LOC_STRINGS = YES;
				SWIFT_VERSION = 5.0;
				TARGETED_DEVICE_FAMILY = "1,2";
			};
			name = Release;
		};
		049F3C8B2930A71C00646C7A /* Debug */ = {
			isa = XCBuildConfiguration;
			buildSettings = {
				ALWAYS_EMBED_SWIFT_STANDARD_LIBRARIES = YES;
				BUNDLE_LOADER = "$(TEST_HOST)";
				CLANG_ENABLE_MODULES = YES;
				CODE_SIGN_STYLE = Automatic;
				CURRENT_PROJECT_VERSION = 1;
				DEVELOPMENT_TEAM = LB5YMG5W6W;
				GENERATE_INFOPLIST_FILE = YES;
				IPHONEOS_DEPLOYMENT_TARGET = 15.2;
				LD_RUNPATH_SEARCH_PATHS = (
					"$(inherited)",
					"@executable_path/Frameworks",
					"@loader_path/Frameworks",
				);
				MARKETING_VERSION = 1.0;
				PRODUCT_BUNDLE_IDENTIFIER = com.woxi.app.UserDefaultsTests;
				PRODUCT_NAME = "$(TARGET_NAME)";
				SWIFT_EMIT_LOC_STRINGS = NO;
				SWIFT_OPTIMIZATION_LEVEL = "-Onone";
				SWIFT_VERSION = 5.0;
				TARGETED_DEVICE_FAMILY = "1,2";
				TEST_HOST = "$(BUILT_PRODUCTS_DIR)/UserDefaults.app/UserDefaults";
			};
			name = Debug;
		};
		049F3C8C2930A71C00646C7A /* Release */ = {
			isa = XCBuildConfiguration;
			buildSettings = {
				ALWAYS_EMBED_SWIFT_STANDARD_LIBRARIES = YES;
				BUNDLE_LOADER = "$(TEST_HOST)";
				CLANG_ENABLE_MODULES = YES;
				CODE_SIGN_STYLE = Automatic;
				CURRENT_PROJECT_VERSION = 1;
				DEVELOPMENT_TEAM = LB5YMG5W6W;
				GENERATE_INFOPLIST_FILE = YES;
				IPHONEOS_DEPLOYMENT_TARGET = 15.2;
				LD_RUNPATH_SEARCH_PATHS = (
					"$(inherited)",
					"@executable_path/Frameworks",
					"@loader_path/Frameworks",
				);
				MARKETING_VERSION = 1.0;
				PRODUCT_BUNDLE_IDENTIFIER = com.woxi.app.UserDefaultsTests;
				PRODUCT_NAME = "$(TARGET_NAME)";
				SWIFT_EMIT_LOC_STRINGS = NO;
				SWIFT_VERSION = 5.0;
				TARGETED_DEVICE_FAMILY = "1,2";
				TEST_HOST = "$(BUILT_PRODUCTS_DIR)/UserDefaults.app/UserDefaults";
			};
			name = Release;
		};
		049F3C8E2930A71C00646C7A /* Debug */ = {
			isa = XCBuildConfiguration;
			buildSettings = {
				ALWAYS_EMBED_SWIFT_STANDARD_LIBRARIES = YES;
				CODE_SIGN_STYLE = Automatic;
				CURRENT_PROJECT_VERSION = 1;
				DEVELOPMENT_TEAM = LB5YMG5W6W;
				GENERATE_INFOPLIST_FILE = YES;
				MARKETING_VERSION = 1.0;
				PRODUCT_BUNDLE_IDENTIFIER = com.woxi.app.UserDefaultsUITests;
				PRODUCT_NAME = "$(TARGET_NAME)";
				SWIFT_EMIT_LOC_STRINGS = NO;
				SWIFT_VERSION = 5.0;
				TARGETED_DEVICE_FAMILY = "1,2";
				TEST_TARGET_NAME = UserDefaults;
			};
			name = Debug;
		};
		049F3C8F2930A71C00646C7A /* Release */ = {
			isa = XCBuildConfiguration;
			buildSettings = {
				ALWAYS_EMBED_SWIFT_STANDARD_LIBRARIES = YES;
				CODE_SIGN_STYLE = Automatic;
				CURRENT_PROJECT_VERSION = 1;
				DEVELOPMENT_TEAM = LB5YMG5W6W;
				GENERATE_INFOPLIST_FILE = YES;
				MARKETING_VERSION = 1.0;
				PRODUCT_BUNDLE_IDENTIFIER = com.woxi.app.UserDefaultsUITests;
				PRODUCT_NAME = "$(TARGET_NAME)";
				SWIFT_EMIT_LOC_STRINGS = NO;
				SWIFT_VERSION = 5.0;
				TARGETED_DEVICE_FAMILY = "1,2";
				TEST_TARGET_NAME = UserDefaults;
			};
			name = Release;
		};
/* End XCBuildConfiguration section */

/* Begin XCConfigurationList section */
		049F3C582930A71900646C7A /* Build configuration list for PBXProject "UserDefaults" */ = {
			isa = XCConfigurationList;
			buildConfigurations = (
				049F3C852930A71C00646C7A /* Debug */,
				049F3C862930A71C00646C7A /* Release */,
			);
			defaultConfigurationIsVisible = 0;
			defaultConfigurationName = Release;
		};
		049F3C872930A71C00646C7A /* Build configuration list for PBXNativeTarget "UserDefaults" */ = {
			isa = XCConfigurationList;
			buildConfigurations = (
				049F3C882930A71C00646C7A /* Debug */,
				049F3C892930A71C00646C7A /* Release */,
			);
			defaultConfigurationIsVisible = 0;
			defaultConfigurationName = Release;
		};
		049F3C8A2930A71C00646C7A /* Build configuration list for PBXNativeTarget "UserDefaultsTests" */ = {
			isa = XCConfigurationList;
			buildConfigurations = (
				049F3C8B2930A71C00646C7A /* Debug */,
				049F3C8C2930A71C00646C7A /* Release */,
			);
			defaultConfigurationIsVisible = 0;
			defaultConfigurationName = Release;
		};
		049F3C8D2930A71C00646C7A /* Build configuration list for PBXNativeTarget "UserDefaultsUITests" */ = {
			isa = XCConfigurationList;
			buildConfigurations = (
				049F3C8E2930A71C00646C7A /* Debug */,
				049F3C8F2930A71C00646C7A /* Release */,
			);
			defaultConfigurationIsVisible = 0;
			defaultConfigurationName = Release;
		};
/* End XCConfigurationList section */
	};
	rootObject = 049F3C552930A71900646C7A /* Project object */;
}
