// !$*UTF8*$!
{
	archiveVersion = 1;
	classes = {
	};
	objectVersion = 55;
	objects = {

/* Begin PBXBuildFile section */
		04CF77AA2922A1B2005D1070 /* AppDelegate.swift in Sources */ = {isa = PBXBuildFile; fileRef = 04CF77A92922A1B2005D1070 /* AppDelegate.swift */; };
		04CF77AC2922A1B2005D1070 /* SceneDelegate.swift in Sources */ = {isa = PBXBuildFile; fileRef = 04CF77AB2922A1B2005D1070 /* SceneDelegate.swift */; };
		04CF77AE2922A1B2005D1070 /* ViewController.swift in Sources */ = {isa = PBXBuildFile; fileRef = 04CF77AD2922A1B2005D1070 /* ViewController.swift */; };
		04CF77B12922A1B2005D1070 /* Main.storyboard in Resources */ = {isa = PBXBuildFile; fileRef = 04CF77AF2922A1B2005D1070 /* Main.storyboard */; };
		04CF77B32922A1B5005D1070 /* Assets.xcassets in Resources */ = {isa = PBXBuildFile; fileRef = 04CF77B22922A1B5005D1070 /* Assets.xcassets */; };
		04CF77B62922A1B5005D1070 /* LaunchScreen.storyboard in Resources */ = {isa = PBXBuildFile; fileRef = 04CF77B42922A1B5005D1070 /* LaunchScreen.storyboard */; };
		04CF77CB2922A1B5005D1070 /* CodeCoverageUITests.swift in Sources */ = {isa = PBXBuildFile; fileRef = 04CF77CA2922A1B5005D1070 /* CodeCoverageUITests.swift */; };
		04CF77CD2922A1B5005D1070 /* CodeCoverageUITestsLaunchTests.swift in Sources */ = {isa = PBXBuildFile; fileRef = 04CF77CC2922A1B5005D1070 /* CodeCoverageUITestsLaunchTests.swift */; };
		04CF77DA2922A1D7005D1070 /* CoveredClass.swift in Sources */ = {isa = PBXBuildFile; fileRef = 04CF77D92922A1D7005D1070 /* CoveredClass.swift */; };
		04CF77DC2922A325005D1070 /* CoveredClassTests.swift in Sources */ = {isa = PBXBuildFile; fileRef = 04CF77DB2922A325005D1070 /* CoveredClassTests.swift */; };
/* End PBXBuildFile section */

/* Begin PBXContainerItemProxy section */
		04CF77BD2922A1B5005D1070 /* PBXContainerItemProxy */ = {
			isa = PBXContainerItemProxy;
			containerPortal = 04CF779E2922A1B2005D1070 /* Project object */;
			proxyType = 1;
			remoteGlobalIDString = 04CF77A52922A1B2005D1070;
			remoteInfo = CodeCoverage;
		};
		04CF77C72922A1B5005D1070 /* PBXContainerItemProxy */ = {
			isa = PBXContainerItemProxy;
			containerPortal = 04CF779E2922A1B2005D1070 /* Project object */;
			proxyType = 1;
			remoteGlobalIDString = 04CF77A52922A1B2005D1070;
			remoteInfo = CodeCoverage;
		};
/* End PBXContainerItemProxy section */

/* Begin PBXFileReference section */
		04CF77A62922A1B2005D1070 /* CodeCoverage.app */ = {isa = PBXFileReference; explicitFileType = wrapper.application; includeInIndex = 0; path = CodeCoverage.app; sourceTree = BUILT_PRODUCTS_DIR; };
		04CF77A92922A1B2005D1070 /* AppDelegate.swift */ = {isa = PBXFileReference; lastKnownFileType = sourcecode.swift; path = AppDelegate.swift; sourceTree = "<group>"; };
		04CF77AB2922A1B2005D1070 /* SceneDelegate.swift */ = {isa = PBXFileReference; lastKnownFileType = sourcecode.swift; path = SceneDelegate.swift; sourceTree = "<group>"; };
		04CF77AD2922A1B2005D1070 /* ViewController.swift */ = {isa = PBXFileReference; lastKnownFileType = sourcecode.swift; path = ViewController.swift; sourceTree = "<group>"; };
		04CF77B02922A1B2005D1070 /* Base */ = {isa = PBXFileReference; lastKnownFileType = file.storyboard; name = Base; path = Base.lproj/Main.storyboard; sourceTree = "<group>"; };
		04CF77B22922A1B5005D1070 /* Assets.xcassets */ = {isa = PBXFileReference; lastKnownFileType = folder.assetcatalog; path = Assets.xcassets; sourceTree = "<group>"; };
		04CF77B52922A1B5005D1070 /* Base */ = {isa = PBXFileReference; lastKnownFileType = file.storyboard; name = Base; path = Base.lproj/LaunchScreen.storyboard; sourceTree = "<group>"; };
		04CF77B72922A1B5005D1070 /* Info.plist */ = {isa = PBXFileReference; lastKnownFileType = text.plist.xml; path = Info.plist; sourceTree = "<group>"; };
		04CF77BC2922A1B5005D1070 /* CodeCoverageTests.xctest */ = {isa = PBXFileReference; explicitFileType = wrapper.cfbundle; includeInIndex = 0; path = CodeCoverageTests.xctest; sourceTree = BUILT_PRODUCTS_DIR; };
		04CF77C62922A1B5005D1070 /* CodeCoverageUITests.xctest */ = {isa = PBXFileReference; explicitFileType = wrapper.cfbundle; includeInIndex = 0; path = CodeCoverageUITests.xctest; sourceTree = BUILT_PRODUCTS_DIR; };
		04CF77CA2922A1B5005D1070 /* CodeCoverageUITests.swift */ = {isa = PBXFileReference; lastKnownFileType = sourcecode.swift; path = CodeCoverageUITests.swift; sourceTree = "<group>"; };
		04CF77CC2922A1B5005D1070 /* CodeCoverageUITestsLaunchTests.swift */ = {isa = PBXFileReference; lastKnownFileType = sourcecode.swift; path = CodeCoverageUITestsLaunchTests.swift; sourceTree = "<group>"; };
		04CF77D92922A1D7005D1070 /* CoveredClass.swift */ = {isa = PBXFileReference; lastKnownFileType = sourcecode.swift; path = CoveredClass.swift; sourceTree = "<group>"; };
		04CF77DB2922A325005D1070 /* CoveredClassTests.swift */ = {isa = PBXFileReference; lastKnownFileType = sourcecode.swift; path = CoveredClassTests.swift; sourceTree = "<group>"; };
/* End PBXFileReference section */

/* Begin PBXFrameworksBuildPhase section */
		04CF77A32922A1B2005D1070 /* Frameworks */ = {
			isa = PBXFrameworksBuildPhase;
			buildActionMask = 2147483647;
			files = (
			);
			runOnlyForDeploymentPostprocessing = 0;
		};
		04CF77B92922A1B5005D1070 /* Frameworks */ = {
			isa = PBXFrameworksBuildPhase;
			buildActionMask = 2147483647;
			files = (
			);
			runOnlyForDeploymentPostprocessing = 0;
		};
		04CF77C32922A1B5005D1070 /* Frameworks */ = {
			isa = PBXFrameworksBuildPhase;
			buildActionMask = 2147483647;
			files = (
			);
			runOnlyForDeploymentPostprocessing = 0;
		};
/* End PBXFrameworksBuildPhase section */

/* Begin PBXGroup section */
		04CF779D2922A1B2005D1070 = {
			isa = PBXGroup;
			children = (
				04CF77A82922A1B2005D1070 /* CodeCoverage */,
				04CF77BF2922A1B5005D1070 /* CodeCoverageTests */,
				04CF77C92922A1B5005D1070 /* CodeCoverageUITests */,
				04CF77A72922A1B2005D1070 /* Products */,
			);
			sourceTree = "<group>";
		};
		04CF77A72922A1B2005D1070 /* Products */ = {
			isa = PBXGroup;
			children = (
				04CF77A62922A1B2005D1070 /* CodeCoverage.app */,
				04CF77BC2922A1B5005D1070 /* CodeCoverageTests.xctest */,
				04CF77C62922A1B5005D1070 /* CodeCoverageUITests.xctest */,
			);
			name = Products;
			sourceTree = "<group>";
		};
		04CF77A82922A1B2005D1070 /* CodeCoverage */ = {
			isa = PBXGroup;
			children = (
				04CF77A92922A1B2005D1070 /* AppDelegate.swift */,
				04CF77AB2922A1B2005D1070 /* SceneDelegate.swift */,
				04CF77AD2922A1B2005D1070 /* ViewController.swift */,
				04CF77AF2922A1B2005D1070 /* Main.storyboard */,
				04CF77B22922A1B5005D1070 /* Assets.xcassets */,
				04CF77B42922A1B5005D1070 /* LaunchScreen.storyboard */,
				04CF77B72922A1B5005D1070 /* Info.plist */,
				04CF77D92922A1D7005D1070 /* CoveredClass.swift */,
			);
			path = CodeCoverage;
			sourceTree = "<group>";
		};
		04CF77BF2922A1B5005D1070 /* CodeCoverageTests */ = {
			isa = PBXGroup;
			children = (
				04CF77DB2922A325005D1070 /* CoveredClassTests.swift */,
			);
			path = CodeCoverageTests;
			sourceTree = "<group>";
		};
		04CF77C92922A1B5005D1070 /* CodeCoverageUITests */ = {
			isa = PBXGroup;
			children = (
				04CF77CA2922A1B5005D1070 /* CodeCoverageUITests.swift */,
				04CF77CC2922A1B5005D1070 /* CodeCoverageUITestsLaunchTests.swift */,
			);
			path = CodeCoverageUITests;
			sourceTree = "<group>";
		};
/* End PBXGroup section */

/* Begin PBXNativeTarget section */
		04CF77A52922A1B2005D1070 /* CodeCoverage */ = {
			isa = PBXNativeTarget;
			buildConfigurationList = 04CF77D02922A1B5005D1070 /* Build configuration list for PBXNativeTarget "CodeCoverage" */;
			buildPhases = (
				04CF77A22922A1B2005D1070 /* Sources */,
				04CF77A32922A1B2005D1070 /* Frameworks */,
				04CF77A42922A1B2005D1070 /* Resources */,
			);
			buildRules = (
			);
			dependencies = (
			);
			name = CodeCoverage;
			productName = CodeCoverage;
			productReference = 04CF77A62922A1B2005D1070 /* CodeCoverage.app */;
			productType = "com.apple.product-type.application";
		};
		04CF77BB2922A1B5005D1070 /* CodeCoverageTests */ = {
			isa = PBXNativeTarget;
			buildConfigurationList = 04CF77D32922A1B5005D1070 /* Build configuration list for PBXNativeTarget "CodeCoverageTests" */;
			buildPhases = (
				04CF77B82922A1B5005D1070 /* Sources */,
				04CF77B92922A1B5005D1070 /* Frameworks */,
				04CF77BA2922A1B5005D1070 /* Resources */,
			);
			buildRules = (
			);
			dependencies = (
				04CF77BE2922A1B5005D1070 /* PBXTargetDependency */,
			);
			name = CodeCoverageTests;
			productName = CodeCoverageTests;
			productReference = 04CF77BC2922A1B5005D1070 /* CodeCoverageTests.xctest */;
			productType = "com.apple.product-type.bundle.unit-test";
		};
		04CF77C52922A1B5005D1070 /* CodeCoverageUITests */ = {
			isa = PBXNativeTarget;
			buildConfigurationList = 04CF77D62922A1B5005D1070 /* Build configuration list for PBXNativeTarget "CodeCoverageUITests" */;
			buildPhases = (
				04CF77C22922A1B5005D1070 /* Sources */,
				04CF77C32922A1B5005D1070 /* Frameworks */,
				04CF77C42922A1B5005D1070 /* Resources */,
			);
			buildRules = (
			);
			dependencies = (
				04CF77C82922A1B5005D1070 /* PBXTargetDependency */,
			);
			name = CodeCoverageUITests;
			productName = CodeCoverageUITests;
			productReference = 04CF77C62922A1B5005D1070 /* CodeCoverageUITests.xctest */;
			productType = "com.apple.product-type.bundle.ui-testing";
		};
/* End PBXNativeTarget section */

/* Begin PBXProject section */
		04CF779E2922A1B2005D1070 /* Project object */ = {
			isa = PBXProject;
			attributes = {
				BuildIndependentTargetsInParallel = 1;
				LastSwiftUpdateCheck = 1320;
				LastUpgradeCheck = 1320;
				TargetAttributes = {
					04CF77A52922A1B2005D1070 = {
						CreatedOnToolsVersion = 13.2.1;
					};
					04CF77BB2922A1B5005D1070 = {
						CreatedOnToolsVersion = 13.2.1;
						LastSwiftMigration = 1320;
						TestTargetID = 04CF77A52922A1B2005D1070;
					};
					04CF77C52922A1B5005D1070 = {
						CreatedOnToolsVersion = 13.2.1;
						TestTargetID = 04CF77A52922A1B2005D1070;
					};
				};
			};
			buildConfigurationList = 04CF77A12922A1B2005D1070 /* Build configuration list for PBXProject "CodeCoverage" */;
			compatibilityVersion = "Xcode 13.0";
			developmentRegion = en;
			hasScannedForEncodings = 0;
			knownRegions = (
				en,
				Base,
			);
			mainGroup = 04CF779D2922A1B2005D1070;
			productRefGroup = 04CF77A72922A1B2005D1070 /* Products */;
			projectDirPath = "";
			projectRoot = "";
			targets = (
				04CF77A52922A1B2005D1070 /* CodeCoverage */,
				04CF77BB2922A1B5005D1070 /* CodeCoverageTests */,
				04CF77C52922A1B5005D1070 /* CodeCoverageUITests */,
			);
		};
/* End PBXProject section */

/* Begin PBXResourcesBuildPhase section */
		04CF77A42922A1B2005D1070 /* Resources */ = {
			isa = PBXResourcesBuildPhase;
			buildActionMask = 2147483647;
			files = (
				04CF77B62922A1B5005D1070 /* LaunchScreen.storyboard in Resources */,
				04CF77B32922A1B5005D1070 /* Assets.xcassets in Resources */,
				04CF77B12922A1B2005D1070 /* Main.storyboard in Resources */,
			);
			runOnlyForDeploymentPostprocessing = 0;
		};
		04CF77BA2922A1B5005D1070 /* Resources */ = {
			isa = PBXResourcesBuildPhase;
			buildActionMask = 2147483647;
			files = (
			);
			runOnlyForDeploymentPostprocessing = 0;
		};
		04CF77C42922A1B5005D1070 /* Resources */ = {
			isa = PBXResourcesBuildPhase;
			buildActionMask = 2147483647;
			files = (
			);
			runOnlyForDeploymentPostprocessing = 0;
		};
/* End PBXResourcesBuildPhase section */

/* Begin PBXSourcesBuildPhase section */
		04CF77A22922A1B2005D1070 /* Sources */ = {
			isa = PBXSourcesBuildPhase;
			buildActionMask = 2147483647;
			files = (
				04CF77DA2922A1D7005D1070 /* CoveredClass.swift in Sources */,
				04CF77AE2922A1B2005D1070 /* ViewController.swift in Sources */,
				04CF77AA2922A1B2005D1070 /* AppDelegate.swift in Sources */,
				04CF77AC2922A1B2005D1070 /* SceneDelegate.swift in Sources */,
			);
			runOnlyForDeploymentPostprocessing = 0;
		};
		04CF77B82922A1B5005D1070 /* Sources */ = {
			isa = PBXSourcesBuildPhase;
			buildActionMask = 2147483647;
			files = (
				04CF77DC2922A325005D1070 /* CoveredClassTests.swift in Sources */,
			);
			runOnlyForDeploymentPostprocessing = 0;
		};
		04CF77C22922A1B5005D1070 /* Sources */ = {
			isa = PBXSourcesBuildPhase;
			buildActionMask = 2147483647;
			files = (
				04CF77CB2922A1B5005D1070 /* CodeCoverageUITests.swift in Sources */,
				04CF77CD2922A1B5005D1070 /* CodeCoverageUITestsLaunchTests.swift in Sources */,
			);
			runOnlyForDeploymentPostprocessing = 0;
		};
/* End PBXSourcesBuildPhase section */

/* Begin PBXTargetDependency section */
		04CF77BE2922A1B5005D1070 /* PBXTargetDependency */ = {
			isa = PBXTargetDependency;
			target = 04CF77A52922A1B2005D1070 /* CodeCoverage */;
			targetProxy = 04CF77BD2922A1B5005D1070 /* PBXContainerItemProxy */;
		};
		04CF77C82922A1B5005D1070 /* PBXTargetDependency */ = {
			isa = PBXTargetDependency;
			target = 04CF77A52922A1B2005D1070 /* CodeCoverage */;
			targetProxy = 04CF77C72922A1B5005D1070 /* PBXContainerItemProxy */;
		};
/* End PBXTargetDependency section */

/* Begin PBXVariantGroup section */
		04CF77AF2922A1B2005D1070 /* Main.storyboard */ = {
			isa = PBXVariantGroup;
			children = (
				04CF77B02922A1B2005D1070 /* Base */,
			);
			name = Main.storyboard;
			sourceTree = "<group>";
		};
		04CF77B42922A1B5005D1070 /* LaunchScreen.storyboard */ = {
			isa = PBXVariantGroup;
			children = (
				04CF77B52922A1B5005D1070 /* Base */,
			);
			name = LaunchScreen.storyboard;
			sourceTree = "<group>";
		};
/* End PBXVariantGroup section */

/* Begin XCBuildConfiguration section */
		04CF77CE2922A1B5005D1070 /* Debug */ = {
			isa = XCBuildConfiguration;
			buildSettings = {
				ALWAYS_SEARCH_USER_PATHS = NO;
				CLANG_ANALYZER_NONNULL = YES;
				CLANG_ANALYZER_NUMBER_OBJECT_CONVERSION = YES_AGGRESSIVE;
				CLANG_CXX_LANGUAGE_STANDARD = "gnu++17";
				CLANG_CXX_LIBRARY = "libc++";
				CLANG_ENABLE_MODULES = YES;
				CLANG_ENABLE_OBJC_ARC = YES;
				CLANG_ENABLE_OBJC_WEAK = YES;
				CLANG_WARN_BLOCK_CAPTURE_AUTORELEASING = YES;
				CLANG_WARN_BOOL_CONVERSION = YES;
				CLANG_WARN_COMMA = YES;
				CLANG_WARN_CONSTANT_CONVERSION = YES;
				CLANG_WARN_DEPRECATED_OBJC_IMPLEMENTATIONS = YES;
				CLANG_WARN_DIRECT_OBJC_ISA_USAGE = YES_ERROR;
				CLANG_WARN_DOCUMENTATION_COMMENTS = YES;
				CLANG_WARN_EMPTY_BODY = YES;
				CLANG_WARN_ENUM_CONVERSION = YES;
				CLANG_WARN_INFINITE_RECURSION = YES;
				CLANG_WARN_INT_CONVERSION = YES;
				CLANG_WARN_NON_LITERAL_NULL_CONVERSION = YES;
				CLANG_WARN_OBJC_IMPLICIT_RETAIN_SELF = YES;
				CLANG_WARN_OBJC_LITERAL_CONVERSION = YES;
				CLANG_WARN_OBJC_ROOT_CLASS = YES_ERROR;
				CLANG_WARN_QUOTED_INCLUDE_IN_FRAMEWORK_HEADER = YES;
				CLANG_WARN_RANGE_LOOP_ANALYSIS = YES;
				CLANG_WARN_STRICT_PROTOTYPES = YES;
				CLANG_WARN_SUSPICIOUS_MOVE = YES;
				CLANG_WARN_UNGUARDED_AVAILABILITY = YES_AGGRESSIVE;
				CLANG_WARN_UNREACHABLE_CODE = YES;
				CLANG_WARN__DUPLICATE_METHOD_MATCH = YES;
				COPY_PHASE_STRIP = NO;
				DEBUG_INFORMATION_FORMAT = dwarf;
				ENABLE_STRICT_OBJC_MSGSEND = YES;
				ENABLE_TESTABILITY = YES;
				GCC_C_LANGUAGE_STANDARD = gnu11;
				GCC_DYNAMIC_NO_PIC = NO;
				GCC_NO_COMMON_BLOCKS = YES;
				GCC_OPTIMIZATION_LEVEL = 0;
				GCC_PREPROCESSOR_DEFINITIONS = (
					"DEBUG=1",
					"$(inherited)",
				);
				GCC_WARN_64_TO_32_BIT_CONVERSION = YES;
				GCC_WARN_ABOUT_RETURN_TYPE = YES_ERROR;
				GCC_WARN_UNDECLARED_SELECTOR = YES;
				GCC_WARN_UNINITIALIZED_AUTOS = YES_AGGRESSIVE;
				GCC_WARN_UNUSED_FUNCTION = YES;
				GCC_WARN_UNUSED_VARIABLE = YES;
				IPHONEOS_DEPLOYMENT_TARGET = 15.2;
				MTL_ENABLE_DEBUG_INFO = INCLUDE_SOURCE;
				MTL_FAST_MATH = YES;
				ONLY_ACTIVE_ARCH = YES;
				SDKROOT = iphoneos;
				SWIFT_ACTIVE_COMPILATION_CONDITIONS = DEBUG;
				SWIFT_OPTIMIZATION_LEVEL = "-Onone";
			};
			name = Debug;
		};
		04CF77CF2922A1B5005D1070 /* Release */ = {
			isa = XCBuildConfiguration;
			buildSettings = {
				ALWAYS_SEARCH_USER_PATHS = NO;
				CLANG_ANALYZER_NONNULL = YES;
				CLANG_ANALYZER_NUMBER_OBJECT_CONVERSION = YES_AGGRESSIVE;
				CLANG_CXX_LANGUAGE_STANDARD = "gnu++17";
				CLANG_CXX_LIBRARY = "libc++";
				CLANG_ENABLE_MODULES = YES;
				CLANG_ENABLE_OBJC_ARC = YES;
				CLANG_ENABLE_OBJC_WEAK = YES;
				CLANG_WARN_BLOCK_CAPTURE_AUTORELEASING = YES;
				CLANG_WARN_BOOL_CONVERSION = YES;
				CLANG_WARN_COMMA = YES;
				CLANG_WARN_CONSTANT_CONVERSION = YES;
				CLANG_WARN_DEPRECATED_OBJC_IMPLEMENTATIONS = YES;
				CLANG_WARN_DIRECT_OBJC_ISA_USAGE = YES_ERROR;
				CLANG_WARN_DOCUMENTATION_COMMENTS = YES;
				CLANG_WARN_EMPTY_BODY = YES;
				CLANG_WARN_ENUM_CONVERSION = YES;
				CLANG_WARN_INFINITE_RECURSION = YES;
				CLANG_WARN_INT_CONVERSION = YES;
				CLANG_WARN_NON_LITERAL_NULL_CONVERSION = YES;
				CLANG_WARN_OBJC_IMPLICIT_RETAIN_SELF = YES;
				CLANG_WARN_OBJC_LITERAL_CONVERSION = YES;
				CLANG_WARN_OBJC_ROOT_CLASS = YES_ERROR;
				CLANG_WARN_QUOTED_INCLUDE_IN_FRAMEWORK_HEADER = YES;
				CLANG_WARN_RANGE_LOOP_ANALYSIS = YES;
				CLANG_WARN_STRICT_PROTOTYPES = YES;
				CLANG_WARN_SUSPICIOUS_MOVE = YES;
				CLANG_WARN_UNGUARDED_AVAILABILITY = YES_AGGRESSIVE;
				CLANG_WARN_UNREACHABLE_CODE = YES;
				CLANG_WARN__DUPLICATE_METHOD_MATCH = YES;
				COPY_PHASE_STRIP = NO;
				DEBUG_INFORMATION_FORMAT = "dwarf-with-dsym";
				ENABLE_NS_ASSERTIONS = NO;
				ENABLE_STRICT_OBJC_MSGSEND = YES;
				GCC_C_LANGUAGE_STANDARD = gnu11;
				GCC_NO_COMMON_BLOCKS = YES;
				GCC_WARN_64_TO_32_BIT_CONVERSION = YES;
				GCC_WARN_ABOUT_RETURN_TYPE = YES_ERROR;
				GCC_WARN_UNDECLARED_SELECTOR = YES;
				GCC_WARN_UNINITIALIZED_AUTOS = YES_AGGRESSIVE;
				GCC_WARN_UNUSED_FUNCTION = YES;
				GCC_WARN_UNUSED_VARIABLE = YES;
				IPHONEOS_DEPLOYMENT_TARGET = 15.2;
				MTL_ENABLE_DEBUG_INFO = NO;
				MTL_FAST_MATH = YES;
				SDKROOT = iphoneos;
				SWIFT_COMPILATION_MODE = wholemodule;
				SWIFT_OPTIMIZATION_LEVEL = "-O";
				VALIDATE_PRODUCT = YES;
			};
			name = Release;
		};
		04CF77D12922A1B5005D1070 /* Debug */ = {
			isa = XCBuildConfiguration;
			buildSettings = {
				ASSETCATALOG_COMPILER_APPICON_NAME = AppIcon;
				ASSETCATALOG_COMPILER_GLOBAL_ACCENT_COLOR_NAME = AccentColor;
				CODE_SIGN_STYLE = Automatic;
				CURRENT_PROJECT_VERSION = 1;
				DEVELOPMENT_TEAM = LB5YMG5W6W;
				GENERATE_INFOPLIST_FILE = YES;
				INFOPLIST_FILE = CodeCoverage/Info.plist;
				INFOPLIST_KEY_UIApplicationSupportsIndirectInputEvents = YES;
				INFOPLIST_KEY_UILaunchStoryboardName = LaunchScreen;
				INFOPLIST_KEY_UIMainStoryboardFile = Main;
				INFOPLIST_KEY_UISupportedInterfaceOrientations_iPad = "UIInterfaceOrientationPortrait UIInterfaceOrientationPortraitUpsideDown UIInterfaceOrientationLandscapeLeft UIInterfaceOrientationLandscapeRight";
				INFOPLIST_KEY_UISupportedInterfaceOrientations_iPhone = "UIInterfaceOrientationPortrait UIInterfaceOrientationLandscapeLeft UIInterfaceOrientationLandscapeRight";
				LD_RUNPATH_SEARCH_PATHS = (
					"$(inherited)",
					"@executable_path/Frameworks",
				);
				MARKETING_VERSION = 1.0;
				PRODUCT_BUNDLE_IDENTIFIER = com.woxi.app.CodeCoverage;
				PRODUCT_NAME = "$(TARGET_NAME)";
				SWIFT_EMIT_LOC_STRINGS = YES;
				SWIFT_VERSION = 5.0;
				TARGETED_DEVICE_FAMILY = "1,2";
			};
			name = Debug;
		};
		04CF77D22922A1B5005D1070 /* Release */ = {
			isa = XCBuildConfiguration;
			buildSettings = {
				ASSETCATALOG_COMPILER_APPICON_NAME = AppIcon;
				ASSETCATALOG_COMPILER_GLOBAL_ACCENT_COLOR_NAME = AccentColor;
				CODE_SIGN_STYLE = Automatic;
				CURRENT_PROJECT_VERSION = 1;
				DEVELOPMENT_TEAM = LB5YMG5W6W;
				GENERATE_INFOPLIST_FILE = YES;
				INFOPLIST_FILE = CodeCoverage/Info.plist;
				INFOPLIST_KEY_UIApplicationSupportsIndirectInputEvents = YES;
				INFOPLIST_KEY_UILaunchStoryboardName = LaunchScreen;
				INFOPLIST_KEY_UIMainStoryboardFile = Main;
				INFOPLIST_KEY_UISupportedInterfaceOrientations_iPad = "UIInterfaceOrientationPortrait UIInterfaceOrientationPortraitUpsideDown UIInterfaceOrientationLandscapeLeft UIInterfaceOrientationLandscapeRight";
				INFOPLIST_KEY_UISupportedInterfaceOrientations_iPhone = "UIInterfaceOrientationPortrait UIInterfaceOrientationLandscapeLeft UIInterfaceOrientationLandscapeRight";
				LD_RUNPATH_SEARCH_PATHS = (
					"$(inherited)",
					"@executable_path/Frameworks",
				);
				MARKETING_VERSION = 1.0;
				PRODUCT_BUNDLE_IDENTIFIER = com.woxi.app.CodeCoverage;
				PRODUCT_NAME = "$(TARGET_NAME)";
				SWIFT_EMIT_LOC_STRINGS = YES;
				SWIFT_VERSION = 5.0;
				TARGETED_DEVICE_FAMILY = "1,2";
			};
			name = Release;
		};
		04CF77D42922A1B5005D1070 /* Debug */ = {
			isa = XCBuildConfiguration;
			buildSettings = {
				ALWAYS_EMBED_SWIFT_STANDARD_LIBRARIES = YES;
				BUNDLE_LOADER = "$(TEST_HOST)";
				CLANG_ENABLE_MODULES = YES;
				CODE_SIGN_STYLE = Automatic;
				CURRENT_PROJECT_VERSION = 1;
				DEVELOPMENT_TEAM = LB5YMG5W6W;
				GENERATE_INFOPLIST_FILE = YES;
				IPHONEOS_DEPLOYMENT_TARGET = 15.2;
				LD_RUNPATH_SEARCH_PATHS = (
					"$(inherited)",
					"@executable_path/Frameworks",
					"@loader_path/Frameworks",
				);
				MARKETING_VERSION = 1.0;
				PRODUCT_BUNDLE_IDENTIFIER = com.woxi.app.CodeCoverageTests;
				PRODUCT_NAME = "$(TARGET_NAME)";
				SWIFT_EMIT_LOC_STRINGS = NO;
				SWIFT_OPTIMIZATION_LEVEL = "-Onone";
				SWIFT_VERSION = 5.0;
				TARGETED_DEVICE_FAMILY = "1,2";
				TEST_HOST = "$(BUILT_PRODUCTS_DIR)/CodeCoverage.app/CodeCoverage";
			};
			name = Debug;
		};
		04CF77D52922A1B5005D1070 /* Release */ = {
			isa = XCBuildConfiguration;
			buildSettings = {
				ALWAYS_EMBED_SWIFT_STANDARD_LIBRARIES = YES;
				BUNDLE_LOADER = "$(TEST_HOST)";
				CLANG_ENABLE_MODULES = YES;
				CODE_SIGN_STYLE = Automatic;
				CURRENT_PROJECT_VERSION = 1;
				DEVELOPMENT_TEAM = LB5YMG5W6W;
				GENERATE_INFOPLIST_FILE = YES;
				IPHONEOS_DEPLOYMENT_TARGET = 15.2;
				LD_RUNPATH_SEARCH_PATHS = (
					"$(inherited)",
					"@executable_path/Frameworks",
					"@loader_path/Frameworks",
				);
				MARKETING_VERSION = 1.0;
				PRODUCT_BUNDLE_IDENTIFIER = com.woxi.app.CodeCoverageTests;
				PRODUCT_NAME = "$(TARGET_NAME)";
				SWIFT_EMIT_LOC_STRINGS = NO;
				SWIFT_VERSION = 5.0;
				TARGETED_DEVICE_FAMILY = "1,2";
				TEST_HOST = "$(BUILT_PRODUCTS_DIR)/CodeCoverage.app/CodeCoverage";
			};
			name = Release;
		};
		04CF77D72922A1B5005D1070 /* Debug */ = {
			isa = XCBuildConfiguration;
			buildSettings = {
				ALWAYS_EMBED_SWIFT_STANDARD_LIBRARIES = YES;
				CODE_SIGN_STYLE = Automatic;
				CURRENT_PROJECT_VERSION = 1;
				DEVELOPMENT_TEAM = LB5YMG5W6W;
				GENERATE_INFOPLIST_FILE = YES;
				MARKETING_VERSION = 1.0;
				PRODUCT_BUNDLE_IDENTIFIER = com.woxi.app.CodeCoverageUITests;
				PRODUCT_NAME = "$(TARGET_NAME)";
				SWIFT_EMIT_LOC_STRINGS = NO;
				SWIFT_VERSION = 5.0;
				TARGETED_DEVICE_FAMILY = "1,2";
				TEST_TARGET_NAME = CodeCoverage;
			};
			name = Debug;
		};
		04CF77D82922A1B5005D1070 /* Release */ = {
			isa = XCBuildConfiguration;
			buildSettings = {
				ALWAYS_EMBED_SWIFT_STANDARD_LIBRARIES = YES;
				CODE_SIGN_STYLE = Automatic;
				CURRENT_PROJECT_VERSION = 1;
				DEVELOPMENT_TEAM = LB5YMG5W6W;
				GENERATE_INFOPLIST_FILE = YES;
				MARKETING_VERSION = 1.0;
				PRODUCT_BUNDLE_IDENTIFIER = com.woxi.app.CodeCoverageUITests;
				PRODUCT_NAME = "$(TARGET_NAME)";
				SWIFT_EMIT_LOC_STRINGS = NO;
				SWIFT_VERSION = 5.0;
				TARGETED_DEVICE_FAMILY = "1,2";
				TEST_TARGET_NAME = CodeCoverage;
			};
			name = Release;
		};
/* End XCBuildConfiguration section */

/* Begin XCConfigurationList section */
		04CF77A12922A1B2005D1070 /* Build configuration list for PBXProject "CodeCoverage" */ = {
			isa = XCConfigurationList;
			buildConfigurations = (
				04CF77CE2922A1B5005D1070 /* Debug */,
				04CF77CF2922A1B5005D1070 /* Release */,
			);
			defaultConfigurationIsVisible = 0;
			defaultConfigurationName = Release;
		};
		04CF77D02922A1B5005D1070 /* Build configuration list for PBXNativeTarget "CodeCoverage" */ = {
			isa = XCConfigurationList;
			buildConfigurations = (
				04CF77D12922A1B5005D1070 /* Debug */,
				04CF77D22922A1B5005D1070 /* Release */,
			);
			defaultConfigurationIsVisible = 0;
			defaultConfigurationName = Release;
		};
		04CF77D32922A1B5005D1070 /* Build configuration list for PBXNativeTarget "CodeCoverageTests" */ = {
			isa = XCConfigurationList;
			buildConfigurations = (
				04CF77D42922A1B5005D1070 /* Debug */,
				04CF77D52922A1B5005D1070 /* Release */,
			);
			defaultConfigurationIsVisible = 0;
			defaultConfigurationName = Release;
		};
		04CF77D62922A1B5005D1070 /* Build configuration list for PBXNativeTarget "CodeCoverageUITests" */ = {
			isa = XCConfigurationList;
			buildConfigurations = (
				04CF77D72922A1B5005D1070 /* Debug */,
				04CF77D82922A1B5005D1070 /* Release */,
			);
			defaultConfigurationIsVisible = 0;
			defaultConfigurationName = Release;
		};
/* End XCConfigurationList section */
	};
	rootObject = 04CF779E2922A1B2005D1070 /* Project object */;
}
